// !$*UTF8*$!
{
	archiveVersion = 1;
	classes = {
	};
	objectVersion = 70;
	objects = {

/* Begin PBXBuildFile section */
		064724EF74FD01F36D6E2B4F /* Pods_AnimeTracker.framework in Frameworks */ = {isa = PBXBuildFile; fileRef = 8EF066C15013076581D9308E /* Pods_AnimeTracker.framework */; };
		A30AA2BB2DDB879600E24670 /* LookinServer in Frameworks */ = {isa = PBXBuildFile; productRef = A30AA2BA2DDB879600E24670 /* LookinServer */; };
		A30C69A82DD84381004A7A88 /* Kingfisher in Frameworks */ = {isa = PBXBuildFile; productRef = A30C69A72DD84381004A7A88 /* Kingfisher */; };
		A30C69AB2DDB5701004A7A88 /* SnapKit in Frameworks */ = {isa = PBXBuildFile; productRef = A30C69AA2DDB5701004A7A88 /* SnapKit */; };
		A30C69B02DDB5812004A7A88 /* CombineCocoa in Frameworks */ = {isa = PBXBuildFile; productRef = A30C69AF2DDB5812004A7A88 /* CombineCocoa */; };
		A30C69B32DDB5A9B004A7A88 /* SnapKit in Frameworks */ = {isa = PBXBuildFile; productRef = A30C69B22DDB5A9B004A7A88 /* SnapKit */; };
		A30C69B62DDB5B2C004A7A88 /* SnapKit in Frameworks */ = {isa = PBXBuildFile; productRef = A30C69B52DDB5B2C004A7A88 /* SnapKit */; };
		A33224C92DFD7ACD0015B204 /* MediaCharacterPreview.swift in Sources */ = {isa = PBXBuildFile; fileRef = A33224C82DFD7ACD0015B204 /* MediaCharacterPreview.swift */; };
		A3619D182DD60E4700231B63 /* Publisher+Ext.swift in Sources */ = {isa = PBXBuildFile; fileRef = A3619D172DD60E3A00231B63 /* Publisher+Ext.swift */; };
		A3619D1A2DD61C4800231B63 /* UIButton+Ext.swift in Sources */ = {isa = PBXBuildFile; fileRef = A3619D192DD61C4800231B63 /* UIButton+Ext.swift */; };
		A3A77A282DF33F7100DFF8D4 /* Lottie in Frameworks */ = {isa = PBXBuildFile; productRef = A3A77A272DF33F7100DFF8D4 /* Lottie */; };
		A3A77A362DF48CA600DFF8D4 /* login.png in Resources */ = {isa = PBXBuildFile; fileRef = A3A77A352DF48CA500DFF8D4 /* login.png */; };
		A3A77A382DF4903900DFF8D4 /* register.png in Resources */ = {isa = PBXBuildFile; fileRef = A3A77A372DF4903900DFF8D4 /* register.png */; };
		A3A77A3A2DF4904700DFF8D4 /* resetpass.png in Resources */ = {isa = PBXBuildFile; fileRef = A3A77A392DF4904700DFF8D4 /* resetpass.png */; };
		A3A77A3C2DF4912900DFF8D4 /* category.png in Resources */ = {isa = PBXBuildFile; fileRef = A3A77A3B2DF4912900DFF8D4 /* category.png */; };
		A3A77A402DF4919B00DFF8D4 /* searching3.png in Resources */ = {isa = PBXBuildFile; fileRef = A3A77A3F2DF4919B00DFF8D4 /* searching3.png */; };
		A3A77A412DF4919B00DFF8D4 /* searching1.png in Resources */ = {isa = PBXBuildFile; fileRef = A3A77A3D2DF4919B00DFF8D4 /* searching1.png */; };
		A3A77A422DF4919B00DFF8D4 /* searching2.png in Resources */ = {isa = PBXBuildFile; fileRef = A3A77A3E2DF4919B00DFF8D4 /* searching2.png */; };
		A3CB2ADD2DF096020070A7DF /* NSObject+Ext.swift in Sources */ = {isa = PBXBuildFile; fileRef = A3CB2ADC2DF096020070A7DF /* NSObject+Ext.swift */; };
		A3CB2AE52DF1D9740070A7DF /* 20240822 2 in Resources */ = {isa = PBXBuildFile; fileRef = A3CB2AE02DF1D9740070A7DF /* 20240822 2 */; };
		A3CB2AE62DF1D9740070A7DF /* Simulator Screenshot - iPhone 15 Pro - 2024-07-17 at 22.38.56 2.png in Resources */ = {isa = PBXBuildFile; fileRef = A3CB2AE22DF1D9740070A7DF /* Simulator Screenshot - iPhone 15 Pro - 2024-07-17 at 22.38.56 2.png */; };
		A3CB2AE72DF1D9740070A7DF /* screenshot 2024-07-24 23.02.45 2.png in Resources */ = {isa = PBXBuildFile; fileRef = A3CB2AE12DF1D9740070A7DF /* screenshot 2024-07-24 23.02.45 2.png */; };
		A3CB2AE82DF1D9740070A7DF /* Simulator Screenshot - iPhone 15 Pro - 2024-07-18 at 21.47.05 2.png in Resources */ = {isa = PBXBuildFile; fileRef = A3CB2AE32DF1D9740070A7DF /* Simulator Screenshot - iPhone 15 Pro - 2024-07-18 at 21.47.05 2.png */; };
		A3CB2AE92DF1D9740070A7DF /* Simulator Screenshot - iPhone 15 Pro - 2024-07-20 at 23.33.46 2.png in Resources */ = {isa = PBXBuildFile; fileRef = A3CB2AE42DF1D9740070A7DF /* Simulator Screenshot - iPhone 15 Pro - 2024-07-20 at 23.33.46 2.png */; };
		A3CB2AED2DF1DA520070A7DF /* animeDetail1.png in Resources */ = {isa = PBXBuildFile; fileRef = A3CB2AEA2DF1DA520070A7DF /* animeDetail1.png */; };
		A3CB2AEE2DF1DA520070A7DF /* animeDetail2.png in Resources */ = {isa = PBXBuildFile; fileRef = A3CB2AEB2DF1DA520070A7DF /* animeDetail2.png */; };
		A3CB2AEF2DF1DA520070A7DF /* trending.png in Resources */ = {isa = PBXBuildFile; fileRef = A3CB2AEC2DF1DA520070A7DF /* trending.png */; };
		A3CB2AF12DF1DAB00070A7DF /* animeDetail3.png in Resources */ = {isa = PBXBuildFile; fileRef = A3CB2AF02DF1DAB00070A7DF /* animeDetail3.png */; };
		A3FE0E9E2DAF79970044CA0E /* Kingfisher in Frameworks */ = {isa = PBXBuildFile; productRef = A3FE0E9D2DAF79970044CA0E /* Kingfisher */; };
		CD1AA0E52C49475D00993AEB /* UIImageViewExtension.swift in Sources */ = {isa = PBXBuildFile; fileRef = CD1AA0E42C49475D00993AEB /* UIImageViewExtension.swift */; };
		CD1AA0ED2C4BA82D00993AEB /* AnimeDetailDataDelegate.swift in Sources */ = {isa = PBXBuildFile; fileRef = CD1AA0EC2C4BA82D00993AEB /* AnimeDetailDataDelegate.swift */; };
		CD1AA0EF2C4BB30F00993AEB /* UILabelWithPadding.swift in Sources */ = {isa = PBXBuildFile; fileRef = CD1AA0EE2C4BB30F00993AEB /* UILabelWithPadding.swift */; };
		CD2FF7A12C5B804F00924687 /* AnimeCharacterDataDelegate.swift in Sources */ = {isa = PBXBuildFile; fileRef = CD2FF7A02C5B804F00924687 /* AnimeCharacterDataDelegate.swift */; };
		CD2FF7AE2C5CB93000924687 /* VoiceActorDataResponse.swift in Sources */ = {isa = PBXBuildFile; fileRef = CD2FF7AD2C5CB93000924687 /* VoiceActorDataResponse.swift */; };
		CD2FF7B22C5CB96F00924687 /* CharacterDetail.swift in Sources */ = {isa = PBXBuildFile; fileRef = CD2FF7B12C5CB96F00924687 /* CharacterDetail.swift */; };
		CD2FF7B42C5CB98800924687 /* ThreadResponse.swift in Sources */ = {isa = PBXBuildFile; fileRef = CD2FF7B32C5CB98800924687 /* ThreadResponse.swift */; };
		CD2FF7B62C5CB9A500924687 /* MediaRanking.swift in Sources */ = {isa = PBXBuildFile; fileRef = CD2FF7B52C5CB9A500924687 /* MediaRanking.swift */; };
		CD2FF7B82C5CB9CD00924687 /* MediaStaffPreview.swift in Sources */ = {isa = PBXBuildFile; fileRef = CD2FF7B72C5CB9CD00924687 /* MediaStaffPreview.swift */; };
		CD2FF7BE2C5CC4ED00924687 /* FetchAnimeVoiceActorData.swift in Sources */ = {isa = PBXBuildFile; fileRef = CD2FF7BD2C5CC4ED00924687 /* FetchAnimeVoiceActorData.swift */; };
		CD6FB7432C63C752006455D6 /* GoogleService-Info.plist in Resources */ = {isa = PBXBuildFile; fileRef = CD6FB7422C63C752006455D6 /* GoogleService-Info.plist */; };
		CD7EF8CA2C66456700DCBF7E /* AnimeNotification.swift in Sources */ = {isa = PBXBuildFile; fileRef = CD7EF8C92C66456700DCBF7E /* AnimeNotification.swift */; };
		CD8DD5CA2C60987C00E0D7A2 /* OpenURLDelegate.swift in Sources */ = {isa = PBXBuildFile; fileRef = CD8DD5C92C60987C00E0D7A2 /* OpenURLDelegate.swift */; };
		CD9D4E682C4D0126003492C1 /* AnimeDescriptionDelegate.swift in Sources */ = {isa = PBXBuildFile; fileRef = CD9D4E672C4D0126003492C1 /* AnimeDescriptionDelegate.swift */; };
		CD9D4E792C513B07003492C1 /* AnimeDetailFunc.swift in Sources */ = {isa = PBXBuildFile; fileRef = CD9D4E782C513B07003492C1 /* AnimeDetailFunc.swift */; };
		CD9D4EDB2C550FB2003492C1 /* UIColorExtension.swift in Sources */ = {isa = PBXBuildFile; fileRef = CD9D4EDA2C550FB2003492C1 /* UIColorExtension.swift */; };
		CDA141F12C57C5DE00708A8B /* ThreadPreview.xib in Resources */ = {isa = PBXBuildFile; fileRef = CDA141F02C57C5DE00708A8B /* ThreadPreview.xib */; };
		CDA141F32C57CCC100708A8B /* ThreadPreview.swift in Sources */ = {isa = PBXBuildFile; fileRef = CDA141F22C57CCC100708A8B /* ThreadPreview.swift */; };
		CDA141F62C57CDDD00708A8B /* ThreadsView.xib in Resources */ = {isa = PBXBuildFile; fileRef = CDA141F52C57CDDD00708A8B /* ThreadsView.xib */; };
		CDA141F82C57CEC000708A8B /* ThreadsView.swift in Sources */ = {isa = PBXBuildFile; fileRef = CDA141F72C57CEC000708A8B /* ThreadsView.swift */; };
		CDC14F212C453DBF00BC14FA /* AppDelegate.swift in Sources */ = {isa = PBXBuildFile; fileRef = CDC14F202C453DBF00BC14FA /* AppDelegate.swift */; };
		CDC14F232C453DBF00BC14FA /* SceneDelegate.swift in Sources */ = {isa = PBXBuildFile; fileRef = CDC14F222C453DBF00BC14FA /* SceneDelegate.swift */; };
		CDC14F282C453DBF00BC14FA /* Base in Resources */ = {isa = PBXBuildFile; fileRef = CDC14F272C453DBF00BC14FA /* Base */; };
		CDC14F2A2C453DC000BC14FA /* Assets.xcassets in Resources */ = {isa = PBXBuildFile; fileRef = CDC14F292C453DC000BC14FA /* Assets.xcassets */; };
		CDC14F2D2C453DC000BC14FA /* Base in Resources */ = {isa = PBXBuildFile; fileRef = CDC14F2C2C453DC000BC14FA /* Base */; };
		CDC14F382C4554F500BC14FA /* PickerData.swift in Sources */ = {isa = PBXBuildFile; fileRef = CDC14F372C4554F500BC14FA /* PickerData.swift */; };
/* End PBXBuildFile section */

/* Begin PBXContainerItemProxy section */
		A3CB2AC52DF0712A0070A7DF /* PBXContainerItemProxy */ = {
			isa = PBXContainerItemProxy;
			containerPortal = CDC14F152C453DBF00BC14FA /* Project object */;
			proxyType = 1;
			remoteGlobalIDString = CDC14F1C2C453DBF00BC14FA;
			remoteInfo = AnimeTracker;
		};
		A3CB2AD42DF0714C0070A7DF /* PBXContainerItemProxy */ = {
			isa = PBXContainerItemProxy;
			containerPortal = CDC14F152C453DBF00BC14FA /* Project object */;
			proxyType = 1;
			remoteGlobalIDString = CDC14F1C2C453DBF00BC14FA;
			remoteInfo = AnimeTracker;
		};
/* End PBXContainerItemProxy section */

/* Begin PBXFileReference section */
		07699B9B52E92D5AB8B9520E /* Pods-AnimeTracker.release.xcconfig */ = {isa = PBXFileReference; includeInIndex = 1; lastKnownFileType = text.xcconfig; name = "Pods-AnimeTracker.release.xcconfig"; path = "Target Support Files/Pods-AnimeTracker/Pods-AnimeTracker.release.xcconfig"; sourceTree = "<group>"; };
		8EF066C15013076581D9308E /* Pods_AnimeTracker.framework */ = {isa = PBXFileReference; explicitFileType = wrapper.framework; includeInIndex = 0; path = Pods_AnimeTracker.framework; sourceTree = BUILT_PRODUCTS_DIR; };
		9FC9250BE48481FE9A6EBF98 /* Pods-AnimeTracker.debug.xcconfig */ = {isa = PBXFileReference; includeInIndex = 1; lastKnownFileType = text.xcconfig; name = "Pods-AnimeTracker.debug.xcconfig"; path = "Target Support Files/Pods-AnimeTracker/Pods-AnimeTracker.debug.xcconfig"; sourceTree = "<group>"; };
		A33224C82DFD7ACD0015B204 /* MediaCharacterPreview.swift */ = {isa = PBXFileReference; lastKnownFileType = sourcecode.swift; path = MediaCharacterPreview.swift; sourceTree = "<group>"; };
		A3619D172DD60E3A00231B63 /* Publisher+Ext.swift */ = {isa = PBXFileReference; lastKnownFileType = sourcecode.swift; path = "Publisher+Ext.swift"; sourceTree = "<group>"; };
		A3619D192DD61C4800231B63 /* UIButton+Ext.swift */ = {isa = PBXFileReference; lastKnownFileType = sourcecode.swift; path = "UIButton+Ext.swift"; sourceTree = "<group>"; };
		A3A77A352DF48CA500DFF8D4 /* login.png */ = {isa = PBXFileReference; lastKnownFileType = image.png; path = login.png; sourceTree = "<group>"; };
		A3A77A372DF4903900DFF8D4 /* register.png */ = {isa = PBXFileReference; lastKnownFileType = image.png; path = register.png; sourceTree = "<group>"; };
		A3A77A392DF4904700DFF8D4 /* resetpass.png */ = {isa = PBXFileReference; lastKnownFileType = image.png; path = resetpass.png; sourceTree = "<group>"; };
		A3A77A3B2DF4912900DFF8D4 /* category.png */ = {isa = PBXFileReference; lastKnownFileType = image.png; path = category.png; sourceTree = "<group>"; };
		A3A77A3D2DF4919B00DFF8D4 /* searching1.png */ = {isa = PBXFileReference; lastKnownFileType = image.png; path = searching1.png; sourceTree = "<group>"; };
		A3A77A3E2DF4919B00DFF8D4 /* searching2.png */ = {isa = PBXFileReference; lastKnownFileType = image.png; path = searching2.png; sourceTree = "<group>"; };
		A3A77A3F2DF4919B00DFF8D4 /* searching3.png */ = {isa = PBXFileReference; lastKnownFileType = image.png; path = searching3.png; sourceTree = "<group>"; };
		A3CB2AC12DF0712A0070A7DF /* AnimeTrackerTests.xctest */ = {isa = PBXFileReference; explicitFileType = wrapper.cfbundle; includeInIndex = 0; path = AnimeTrackerTests.xctest; sourceTree = BUILT_PRODUCTS_DIR; };
		A3CB2ACE2DF0714C0070A7DF /* AnimeTrackerUITests.xctest */ = {isa = PBXFileReference; explicitFileType = wrapper.cfbundle; includeInIndex = 0; path = AnimeTrackerUITests.xctest; sourceTree = BUILT_PRODUCTS_DIR; };
		A3CB2ADC2DF096020070A7DF /* NSObject+Ext.swift */ = {isa = PBXFileReference; lastKnownFileType = sourcecode.swift; path = "NSObject+Ext.swift"; sourceTree = "<group>"; };
		A3CB2AE02DF1D9740070A7DF /* 20240822 2 */ = {isa = PBXFileReference; lastKnownFileType = folder; path = "20240822 2"; sourceTree = "<group>"; };
		A3CB2AE12DF1D9740070A7DF /* screenshot 2024-07-24 23.02.45 2.png */ = {isa = PBXFileReference; lastKnownFileType = image.png; path = "screenshot 2024-07-24 23.02.45 2.png"; sourceTree = "<group>"; };
		A3CB2AE22DF1D9740070A7DF /* Simulator Screenshot - iPhone 15 Pro - 2024-07-17 at 22.38.56 2.png */ = {isa = PBXFileReference; lastKnownFileType = image.png; path = "Simulator Screenshot - iPhone 15 Pro - 2024-07-17 at 22.38.56 2.png"; sourceTree = "<group>"; };
		A3CB2AE32DF1D9740070A7DF /* Simulator Screenshot - iPhone 15 Pro - 2024-07-18 at 21.47.05 2.png */ = {isa = PBXFileReference; lastKnownFileType = image.png; path = "Simulator Screenshot - iPhone 15 Pro - 2024-07-18 at 21.47.05 2.png"; sourceTree = "<group>"; };
		A3CB2AE42DF1D9740070A7DF /* Simulator Screenshot - iPhone 15 Pro - 2024-07-20 at 23.33.46 2.png */ = {isa = PBXFileReference; lastKnownFileType = image.png; path = "Simulator Screenshot - iPhone 15 Pro - 2024-07-20 at 23.33.46 2.png"; sourceTree = "<group>"; };
		A3CB2AEA2DF1DA520070A7DF /* animeDetail1.png */ = {isa = PBXFileReference; lastKnownFileType = image.png; path = animeDetail1.png; sourceTree = "<group>"; };
		A3CB2AEB2DF1DA520070A7DF /* animeDetail2.png */ = {isa = PBXFileReference; lastKnownFileType = image.png; path = animeDetail2.png; sourceTree = "<group>"; };
		A3CB2AEC2DF1DA520070A7DF /* trending.png */ = {isa = PBXFileReference; lastKnownFileType = image.png; path = trending.png; sourceTree = "<group>"; };
		A3CB2AF02DF1DAB00070A7DF /* animeDetail3.png */ = {isa = PBXFileReference; lastKnownFileType = image.png; path = animeDetail3.png; sourceTree = "<group>"; };
		CD1AA0E42C49475D00993AEB /* UIImageViewExtension.swift */ = {isa = PBXFileReference; lastKnownFileType = sourcecode.swift; path = UIImageViewExtension.swift; sourceTree = "<group>"; };
		CD1AA0EC2C4BA82D00993AEB /* AnimeDetailDataDelegate.swift */ = {isa = PBXFileReference; lastKnownFileType = sourcecode.swift; path = AnimeDetailDataDelegate.swift; sourceTree = "<group>"; };
		CD1AA0EE2C4BB30F00993AEB /* UILabelWithPadding.swift */ = {isa = PBXFileReference; lastKnownFileType = sourcecode.swift; path = UILabelWithPadding.swift; sourceTree = "<group>"; };
		CD2FF7A02C5B804F00924687 /* AnimeCharacterDataDelegate.swift */ = {isa = PBXFileReference; lastKnownFileType = sourcecode.swift; path = AnimeCharacterDataDelegate.swift; sourceTree = "<group>"; };
		CD2FF7AD2C5CB93000924687 /* VoiceActorDataResponse.swift */ = {isa = PBXFileReference; lastKnownFileType = sourcecode.swift; path = VoiceActorDataResponse.swift; sourceTree = "<group>"; };
		CD2FF7B12C5CB96F00924687 /* CharacterDetail.swift */ = {isa = PBXFileReference; lastKnownFileType = sourcecode.swift; path = CharacterDetail.swift; sourceTree = "<group>"; };
		CD2FF7B32C5CB98800924687 /* ThreadResponse.swift */ = {isa = PBXFileReference; lastKnownFileType = sourcecode.swift; path = ThreadResponse.swift; sourceTree = "<group>"; };
		CD2FF7B52C5CB9A500924687 /* MediaRanking.swift */ = {isa = PBXFileReference; lastKnownFileType = sourcecode.swift; path = MediaRanking.swift; sourceTree = "<group>"; };
		CD2FF7B72C5CB9CD00924687 /* MediaStaffPreview.swift */ = {isa = PBXFileReference; lastKnownFileType = sourcecode.swift; path = MediaStaffPreview.swift; sourceTree = "<group>"; };
		CD2FF7BD2C5CC4ED00924687 /* FetchAnimeVoiceActorData.swift */ = {isa = PBXFileReference; lastKnownFileType = sourcecode.swift; path = FetchAnimeVoiceActorData.swift; sourceTree = "<group>"; };
		CD6FB7422C63C752006455D6 /* GoogleService-Info.plist */ = {isa = PBXFileReference; fileEncoding = 4; lastKnownFileType = text.plist.xml; path = "GoogleService-Info.plist"; sourceTree = "<group>"; };
		CD7EF8C92C66456700DCBF7E /* AnimeNotification.swift */ = {isa = PBXFileReference; lastKnownFileType = sourcecode.swift; path = AnimeNotification.swift; sourceTree = "<group>"; };
		CD8DD5C92C60987C00E0D7A2 /* OpenURLDelegate.swift */ = {isa = PBXFileReference; lastKnownFileType = sourcecode.swift; path = OpenURLDelegate.swift; sourceTree = "<group>"; };
		CD9D4E672C4D0126003492C1 /* AnimeDescriptionDelegate.swift */ = {isa = PBXFileReference; lastKnownFileType = sourcecode.swift; path = AnimeDescriptionDelegate.swift; sourceTree = "<group>"; };
		CD9D4E782C513B07003492C1 /* AnimeDetailFunc.swift */ = {isa = PBXFileReference; lastKnownFileType = sourcecode.swift; path = AnimeDetailFunc.swift; sourceTree = "<group>"; };
		CD9D4EDA2C550FB2003492C1 /* UIColorExtension.swift */ = {isa = PBXFileReference; lastKnownFileType = sourcecode.swift; path = UIColorExtension.swift; sourceTree = "<group>"; };
		CDA141F02C57C5DE00708A8B /* ThreadPreview.xib */ = {isa = PBXFileReference; lastKnownFileType = file.xib; path = ThreadPreview.xib; sourceTree = "<group>"; };
		CDA141F22C57CCC100708A8B /* ThreadPreview.swift */ = {isa = PBXFileReference; lastKnownFileType = sourcecode.swift; path = ThreadPreview.swift; sourceTree = "<group>"; };
		CDA141F52C57CDDD00708A8B /* ThreadsView.xib */ = {isa = PBXFileReference; lastKnownFileType = file.xib; path = ThreadsView.xib; sourceTree = "<group>"; };
		CDA141F72C57CEC000708A8B /* ThreadsView.swift */ = {isa = PBXFileReference; lastKnownFileType = sourcecode.swift; path = ThreadsView.swift; sourceTree = "<group>"; };
		CDC14F1D2C453DBF00BC14FA /* AnimeTracker.app */ = {isa = PBXFileReference; explicitFileType = wrapper.application; includeInIndex = 0; path = AnimeTracker.app; sourceTree = BUILT_PRODUCTS_DIR; };
		CDC14F202C453DBF00BC14FA /* AppDelegate.swift */ = {isa = PBXFileReference; lastKnownFileType = sourcecode.swift; path = AppDelegate.swift; sourceTree = "<group>"; };
		CDC14F222C453DBF00BC14FA /* SceneDelegate.swift */ = {isa = PBXFileReference; lastKnownFileType = sourcecode.swift; path = SceneDelegate.swift; sourceTree = "<group>"; };
		CDC14F272C453DBF00BC14FA /* Base */ = {isa = PBXFileReference; lastKnownFileType = file.storyboard; name = Base; path = Base.lproj/Main.storyboard; sourceTree = "<group>"; };
		CDC14F292C453DC000BC14FA /* Assets.xcassets */ = {isa = PBXFileReference; lastKnownFileType = folder.assetcatalog; path = Assets.xcassets; sourceTree = "<group>"; };
		CDC14F2C2C453DC000BC14FA /* Base */ = {isa = PBXFileReference; lastKnownFileType = file.storyboard; name = Base; path = Base.lproj/LaunchScreen.storyboard; sourceTree = "<group>"; };
		CDC14F2E2C453DC000BC14FA /* Info.plist */ = {isa = PBXFileReference; lastKnownFileType = text.plist.xml; path = Info.plist; sourceTree = "<group>"; };
		CDC14F372C4554F500BC14FA /* PickerData.swift */ = {isa = PBXFileReference; lastKnownFileType = sourcecode.swift; path = PickerData.swift; sourceTree = "<group>"; };
		CDE22E4E2C48115800080BAD /* README.md */ = {isa = PBXFileReference; lastKnownFileType = net.daringfireball.markdown; path = README.md; sourceTree = "<group>"; };
/* End PBXFileReference section */

/* Begin PBXFileSystemSynchronizedRootGroup section */
		A33224C42DFD73740015B204 /* Api */ = {isa = PBXFileSystemSynchronizedRootGroup; explicitFileTypes = {}; explicitFolders = (); path = Api; sourceTree = "<group>"; };
		A3A0C7092DBA0783005CE24D /* StaffDetailView */ = {isa = PBXFileSystemSynchronizedRootGroup; explicitFileTypes = {}; explicitFolders = (); path = StaffDetailView; sourceTree = "<group>"; };
		A3A0C7122DBA1601005CE24D /* FavoritePage */ = {isa = PBXFileSystemSynchronizedRootGroup; explicitFileTypes = {}; explicitFolders = (); path = FavoritePage; sourceTree = "<group>"; };
		A3A0C7132DBA1614005CE24D /* TimeLinePage */ = {isa = PBXFileSystemSynchronizedRootGroup; explicitFileTypes = {}; explicitFolders = (); path = TimeLinePage; sourceTree = "<group>"; };
		A3A0C7142DBA1624005CE24D /* CategoryPage */ = {isa = PBXFileSystemSynchronizedRootGroup; explicitFileTypes = {}; explicitFolders = (); path = CategoryPage; sourceTree = "<group>"; };
		A3A77A2B2DF3454800DFF8D4 /* UserCache */ = {isa = PBXFileSystemSynchronizedRootGroup; explicitFileTypes = {}; explicitFolders = (); path = UserCache; sourceTree = "<group>"; };
		A3C69F462DBB79760097C7B9 /* Alert */ = {isa = PBXFileSystemSynchronizedRootGroup; explicitFileTypes = {}; explicitFolders = (); path = Alert; sourceTree = "<group>"; };
		A3CB2AC22DF0712A0070A7DF /* AnimeTrackerTests */ = {isa = PBXFileSystemSynchronizedRootGroup; explicitFileTypes = {}; explicitFolders = (); path = AnimeTrackerTests; sourceTree = "<group>"; };
		A3CB2ACF2DF0714C0070A7DF /* AnimeTrackerUITests */ = {isa = PBXFileSystemSynchronizedRootGroup; explicitFileTypes = {}; explicitFolders = (); path = AnimeTrackerUITests; sourceTree = "<group>"; };
		A3CB2AD92DF07A940070A7DF /* MockData */ = {isa = PBXFileSystemSynchronizedRootGroup; explicitFileTypes = {}; explicitFolders = (); path = MockData; sourceTree = "<group>"; };
		A3CF8CBD2DBB5D1200B4463F /* NavigationController */ = {isa = PBXFileSystemSynchronizedRootGroup; explicitFileTypes = {}; explicitFolders = (); path = NavigationController; sourceTree = "<group>"; };
		A3CF8CBE2DBB5DBB00B4463F /* TabBarController */ = {isa = PBXFileSystemSynchronizedRootGroup; explicitFileTypes = {}; explicitFolders = (); path = TabBarController; sourceTree = "<group>"; };
		A3CF8CC02DBB69DC00B4463F /* Login */ = {isa = PBXFileSystemSynchronizedRootGroup; explicitFileTypes = {}; explicitFolders = (); path = Login; sourceTree = "<group>"; };
		A3CF8CC12DBB6A2100B4463F /* FloatingButton */ = {isa = PBXFileSystemSynchronizedRootGroup; explicitFileTypes = {}; explicitFolders = (); path = FloatingButton; sourceTree = "<group>"; };
		A3CF8CC72DBB6B7E00B4463F /* Firebase */ = {isa = PBXFileSystemSynchronizedRootGroup; explicitFileTypes = {}; explicitFolders = (); path = Firebase; sourceTree = "<group>"; };
		A3FE0E9F2DAF79F60044CA0E /* TrendingPage */ = {isa = PBXFileSystemSynchronizedRootGroup; explicitFileTypes = {}; explicitFolders = (); path = TrendingPage; sourceTree = "<group>"; };
		A3FE0EAB2DB0AD1E0044CA0E /* SearchPage */ = {isa = PBXFileSystemSynchronizedRootGroup; explicitFileTypes = {}; explicitFolders = (); path = SearchPage; sourceTree = "<group>"; };
		A3FE0EAE2DB0E3E80044CA0E /* AnimeDetailPage */ = {isa = PBXFileSystemSynchronizedRootGroup; explicitFileTypes = {}; explicitFolders = (); path = AnimeDetailPage; sourceTree = "<group>"; };
		A3FE0EDA2DB62E6A0044CA0E /* CharacterPage */ = {isa = PBXFileSystemSynchronizedRootGroup; explicitFileTypes = {}; explicitFolders = (); path = CharacterPage; sourceTree = "<group>"; };
		A3FE0EDE2DB75DC90044CA0E /* VoiceActorPage */ = {isa = PBXFileSystemSynchronizedRootGroup; explicitFileTypes = {}; explicitFolders = (); path = VoiceActorPage; sourceTree = "<group>"; };
/* End PBXFileSystemSynchronizedRootGroup section */

/* Begin PBXFrameworksBuildPhase section */
		A3CB2ABE2DF0712A0070A7DF /* Frameworks */ = {
			isa = PBXFrameworksBuildPhase;
			buildActionMask = 2147483647;
			files = (
			);
			runOnlyForDeploymentPostprocessing = 0;
		};
		A3CB2ACB2DF0714C0070A7DF /* Frameworks */ = {
			isa = PBXFrameworksBuildPhase;
			buildActionMask = 2147483647;
			files = (
			);
			runOnlyForDeploymentPostprocessing = 0;
		};
		CDC14F1A2C453DBF00BC14FA /* Frameworks */ = {
			isa = PBXFrameworksBuildPhase;
			buildActionMask = 2147483647;
			files = (
				A30C69B62DDB5B2C004A7A88 /* SnapKit in Frameworks */,
				A30C69A82DD84381004A7A88 /* Kingfisher in Frameworks */,
				A3A77A282DF33F7100DFF8D4 /* Lottie in Frameworks */,
				A30C69AB2DDB5701004A7A88 /* SnapKit in Frameworks */,
				A30C69B32DDB5A9B004A7A88 /* SnapKit in Frameworks */,
				A3FE0E9E2DAF79970044CA0E /* Kingfisher in Frameworks */,
				A30C69B02DDB5812004A7A88 /* CombineCocoa in Frameworks */,
				064724EF74FD01F36D6E2B4F /* Pods_AnimeTracker.framework in Frameworks */,
				A30AA2BB2DDB879600E24670 /* LookinServer in Frameworks */,
			);
			runOnlyForDeploymentPostprocessing = 0;
		};
/* End PBXFrameworksBuildPhase section */

/* Begin PBXGroup section */
		4BD0FD07C1F42FF6706D6F82 /* Frameworks */ = {
			isa = PBXGroup;
			children = (
				8EF066C15013076581D9308E /* Pods_AnimeTracker.framework */,
			);
			name = Frameworks;
			sourceTree = "<group>";
		};
		4F4A73DB012A822DDAC6B03E /* Pods */ = {
			isa = PBXGroup;
			children = (
				9FC9250BE48481FE9A6EBF98 /* Pods-AnimeTracker.debug.xcconfig */,
				07699B9B52E92D5AB8B9520E /* Pods-AnimeTracker.release.xcconfig */,
			);
			path = Pods;
			sourceTree = "<group>";
		};
		CD1AA0E32C49473F00993AEB /* Extension */ = {
			isa = PBXGroup;
			children = (
				A3619D172DD60E3A00231B63 /* Publisher+Ext.swift */,
				CD1AA0E42C49475D00993AEB /* UIImageViewExtension.swift */,
				CD9D4EDA2C550FB2003492C1 /* UIColorExtension.swift */,
				A3619D192DD61C4800231B63 /* UIButton+Ext.swift */,
				A3CB2ADC2DF096020070A7DF /* NSObject+Ext.swift */,
			);
			path = Extension;
			sourceTree = "<group>";
		};
		CD1AA0F02C4BB32C00993AEB /* Custom Element */ = {
			isa = PBXGroup;
			children = (
				CD1AA0EE2C4BB30F00993AEB /* UILabelWithPadding.swift */,
			);
			path = "Custom Element";
			sourceTree = "<group>";
		};
		CD2FF7A22C5B82E800924687 /* AnimeDetailPage */ = {
			isa = PBXGroup;
			children = (
				CDA141F42C57CDCA00708A8B /* ThreadsView */,
				CDA141EF2C57C5BC00708A8B /* ThreadPreview */,
			);
			path = AnimeDetailPage;
			sourceTree = "<group>";
		};
		CD9D4E772C513ADD003492C1 /* Functions */ = {
			isa = PBXGroup;
			children = (
				CD9D4E782C513B07003492C1 /* AnimeDetailFunc.swift */,
				CD7EF8C92C66456700DCBF7E /* AnimeNotification.swift */,
			);
			path = Functions;
			sourceTree = "<group>";
		};
		CDA141EF2C57C5BC00708A8B /* ThreadPreview */ = {
			isa = PBXGroup;
			children = (
				CDA141F02C57C5DE00708A8B /* ThreadPreview.xib */,
				CDA141F22C57CCC100708A8B /* ThreadPreview.swift */,
			);
			path = ThreadPreview;
			sourceTree = "<group>";
		};
		CDA141F42C57CDCA00708A8B /* ThreadsView */ = {
			isa = PBXGroup;
			children = (
				CDA141F52C57CDDD00708A8B /* ThreadsView.xib */,
				CDA141F72C57CEC000708A8B /* ThreadsView.swift */,
			);
			path = ThreadsView;
			sourceTree = "<group>";
		};
		CDC14F142C453DBF00BC14FA = {
			isa = PBXGroup;
			children = (
				CDE22E4E2C48115800080BAD /* README.md */,
				CDE22E492C480F4100080BAD /* Demo */,
				CDC14F1F2C453DBF00BC14FA /* AnimeTracker */,
				A3CB2AC22DF0712A0070A7DF /* AnimeTrackerTests */,
				A3CB2ACF2DF0714C0070A7DF /* AnimeTrackerUITests */,
				CDC14F1E2C453DBF00BC14FA /* Products */,
				4F4A73DB012A822DDAC6B03E /* Pods */,
				4BD0FD07C1F42FF6706D6F82 /* Frameworks */,
			);
			sourceTree = "<group>";
		};
		CDC14F1E2C453DBF00BC14FA /* Products */ = {
			isa = PBXGroup;
			children = (
				CDC14F1D2C453DBF00BC14FA /* AnimeTracker.app */,
				A3CB2AC12DF0712A0070A7DF /* AnimeTrackerTests.xctest */,
				A3CB2ACE2DF0714C0070A7DF /* AnimeTrackerUITests.xctest */,
			);
			name = Products;
			sourceTree = "<group>";
		};
		CDC14F1F2C453DBF00BC14FA /* AnimeTracker */ = {
			isa = PBXGroup;
			children = (
				A33224C42DFD73740015B204 /* Api */,
				A3A77A2B2DF3454800DFF8D4 /* UserCache */,
				A3CB2AD92DF07A940070A7DF /* MockData */,
				A3C69F462DBB79760097C7B9 /* Alert */,
				A3CF8CC72DBB6B7E00B4463F /* Firebase */,
				CD6FB7422C63C752006455D6 /* GoogleService-Info.plist */,
				CDC14F2E2C453DC000BC14FA /* Info.plist */,
				CDC14F202C453DBF00BC14FA /* AppDelegate.swift */,
				CDC14F222C453DBF00BC14FA /* SceneDelegate.swift */,
				CDC14F292C453DC000BC14FA /* Assets.xcassets */,
				A3FE0EAE2DB0E3E80044CA0E /* AnimeDetailPage */,
				A3A0C7142DBA1624005CE24D /* CategoryPage */,
				A3FE0EDA2DB62E6A0044CA0E /* CharacterPage */,
				CD1AA0E32C49473F00993AEB /* Extension */,
				A3A0C7122DBA1601005CE24D /* FavoritePage */,
				A3CF8CC12DBB6A2100B4463F /* FloatingButton */,
				CD9D4E772C513ADD003492C1 /* Functions */,
				CDC14F2B2C453DC000BC14FA /* LaunchScreen.storyboard */,
				A3CF8CC02DBB69DC00B4463F /* Login */,
				CDC14F262C453DBF00BC14FA /* Main.storyboard */,
				CDC14F362C45544F00BC14FA /* Model */,
				A3CF8CBD2DBB5D1200B4463F /* NavigationController */,
				CDE22E462C47F89400080BAD /* Protocol */,
				A3FE0EAB2DB0AD1E0044CA0E /* SearchPage */,
				A3A0C7092DBA0783005CE24D /* StaffDetailView */,
				A3CF8CBE2DBB5DBB00B4463F /* TabBarController */,
				A3A0C7132DBA1614005CE24D /* TimeLinePage */,
				A3FE0E9F2DAF79F60044CA0E /* TrendingPage */,
				CDC14F352C45544800BC14FA /* View */,
				A3FE0EDE2DB75DC90044CA0E /* VoiceActorPage */,
			);
			path = AnimeTracker;
			sourceTree = "<group>";
		};
		CDC14F352C45544800BC14FA /* View */ = {
			isa = PBXGroup;
			children = (
				CD2FF7A22C5B82E800924687 /* AnimeDetailPage */,
				CD1AA0F02C4BB32C00993AEB /* Custom Element */,
			);
			path = View;
			sourceTree = "<group>";
		};
		CDC14F362C45544F00BC14FA /* Model */ = {
			isa = PBXGroup;
			children = (
				CDC14F372C4554F500BC14FA /* PickerData.swift */,
				CD2FF7AD2C5CB93000924687 /* VoiceActorDataResponse.swift */,
				CD2FF7B12C5CB96F00924687 /* CharacterDetail.swift */,
				CD2FF7B32C5CB98800924687 /* ThreadResponse.swift */,
				CD2FF7B52C5CB9A500924687 /* MediaRanking.swift */,
				CD2FF7B72C5CB9CD00924687 /* MediaStaffPreview.swift */,
				A33224C82DFD7ACD0015B204 /* MediaCharacterPreview.swift */,
			);
			path = Model;
			sourceTree = "<group>";
		};
		CDE22E462C47F89400080BAD /* Protocol */ = {
			isa = PBXGroup;
			children = (
				CD1AA0EC2C4BA82D00993AEB /* AnimeDetailDataDelegate.swift */,
				CD9D4E672C4D0126003492C1 /* AnimeDescriptionDelegate.swift */,
				CD2FF7A02C5B804F00924687 /* AnimeCharacterDataDelegate.swift */,
				CD2FF7BD2C5CC4ED00924687 /* FetchAnimeVoiceActorData.swift */,
				CD8DD5C92C60987C00E0D7A2 /* OpenURLDelegate.swift */,
			);
			path = Protocol;
			sourceTree = "<group>";
		};
		CDE22E492C480F4100080BAD /* Demo */ = {
			isa = PBXGroup;
			children = (
				A3A77A3D2DF4919B00DFF8D4 /* searching1.png */,
				A3A77A3E2DF4919B00DFF8D4 /* searching2.png */,
				A3A77A3F2DF4919B00DFF8D4 /* searching3.png */,
				A3A77A3B2DF4912900DFF8D4 /* category.png */,
				A3A77A392DF4904700DFF8D4 /* resetpass.png */,
				A3A77A372DF4903900DFF8D4 /* register.png */,
				A3A77A352DF48CA500DFF8D4 /* login.png */,
				A3CB2AF02DF1DAB00070A7DF /* animeDetail3.png */,
				A3CB2AEA2DF1DA520070A7DF /* animeDetail1.png */,
				A3CB2AEB2DF1DA520070A7DF /* animeDetail2.png */,
				A3CB2AEC2DF1DA520070A7DF /* trending.png */,
				A3CB2AE02DF1D9740070A7DF /* 20240822 2 */,
				A3CB2AE12DF1D9740070A7DF /* screenshot 2024-07-24 23.02.45 2.png */,
				A3CB2AE22DF1D9740070A7DF /* Simulator Screenshot - iPhone 15 Pro - 2024-07-17 at 22.38.56 2.png */,
				A3CB2AE32DF1D9740070A7DF /* Simulator Screenshot - iPhone 15 Pro - 2024-07-18 at 21.47.05 2.png */,
				A3CB2AE42DF1D9740070A7DF /* Simulator Screenshot - iPhone 15 Pro - 2024-07-20 at 23.33.46 2.png */,
			);
			name = Demo;
			path = demo;
			sourceTree = "<group>";
		};
/* End PBXGroup section */

/* Begin PBXNativeTarget section */
		A3CB2AC02DF0712A0070A7DF /* AnimeTrackerTests */ = {
			isa = PBXNativeTarget;
			buildConfigurationList = A3CB2AC92DF0712A0070A7DF /* Build configuration list for PBXNativeTarget "AnimeTrackerTests" */;
			buildPhases = (
				A3CB2ABD2DF0712A0070A7DF /* Sources */,
				A3CB2ABE2DF0712A0070A7DF /* Frameworks */,
				A3CB2ABF2DF0712A0070A7DF /* Resources */,
			);
			buildRules = (
			);
			dependencies = (
				A3CB2AC62DF0712A0070A7DF /* PBXTargetDependency */,
			);
			fileSystemSynchronizedGroups = (
				A3CB2AC22DF0712A0070A7DF /* AnimeTrackerTests */,
			);
			name = AnimeTrackerTests;
			packageProductDependencies = (
			);
			productName = AnimeTrackerTests;
			productReference = A3CB2AC12DF0712A0070A7DF /* AnimeTrackerTests.xctest */;
			productType = "com.apple.product-type.bundle.unit-test";
		};
		A3CB2ACD2DF0714C0070A7DF /* AnimeTrackerUITests */ = {
			isa = PBXNativeTarget;
			buildConfigurationList = A3CB2AD62DF0714C0070A7DF /* Build configuration list for PBXNativeTarget "AnimeTrackerUITests" */;
			buildPhases = (
				A3CB2ACA2DF0714C0070A7DF /* Sources */,
				A3CB2ACB2DF0714C0070A7DF /* Frameworks */,
				A3CB2ACC2DF0714C0070A7DF /* Resources */,
			);
			buildRules = (
			);
			dependencies = (
				A3CB2AD52DF0714C0070A7DF /* PBXTargetDependency */,
			);
			fileSystemSynchronizedGroups = (
				A3CB2ACF2DF0714C0070A7DF /* AnimeTrackerUITests */,
			);
			name = AnimeTrackerUITests;
			packageProductDependencies = (
			);
			productName = AnimeTrackerUITests;
			productReference = A3CB2ACE2DF0714C0070A7DF /* AnimeTrackerUITests.xctest */;
			productType = "com.apple.product-type.bundle.ui-testing";
		};
		CDC14F1C2C453DBF00BC14FA /* AnimeTracker */ = {
			isa = PBXNativeTarget;
			buildConfigurationList = CDC14F312C453DC000BC14FA /* Build configuration list for PBXNativeTarget "AnimeTracker" */;
			buildPhases = (
				361692C3A9A2EEFD42C7985B /* [CP] Check Pods Manifest.lock */,
				CDC14F192C453DBF00BC14FA /* Sources */,
				CDC14F1A2C453DBF00BC14FA /* Frameworks */,
				CDC14F1B2C453DBF00BC14FA /* Resources */,
				AAD891B7180D4B24000DD62F /* [CP] Embed Pods Frameworks */,
			);
			buildRules = (
			);
			dependencies = (
			);
			fileSystemSynchronizedGroups = (
				A33224C42DFD73740015B204 /* Api */,
				A3A0C7092DBA0783005CE24D /* StaffDetailView */,
				A3A0C7122DBA1601005CE24D /* FavoritePage */,
				A3A0C7132DBA1614005CE24D /* TimeLinePage */,
				A3A0C7142DBA1624005CE24D /* CategoryPage */,
				A3A77A2B2DF3454800DFF8D4 /* UserCache */,
				A3C69F462DBB79760097C7B9 /* Alert */,
				A3CB2AD92DF07A940070A7DF /* MockData */,
				A3CF8CBD2DBB5D1200B4463F /* NavigationController */,
				A3CF8CBE2DBB5DBB00B4463F /* TabBarController */,
				A3CF8CC02DBB69DC00B4463F /* Login */,
				A3CF8CC12DBB6A2100B4463F /* FloatingButton */,
				A3CF8CC72DBB6B7E00B4463F /* Firebase */,
				A3FE0E9F2DAF79F60044CA0E /* TrendingPage */,
				A3FE0EAB2DB0AD1E0044CA0E /* SearchPage */,
				A3FE0EAE2DB0E3E80044CA0E /* AnimeDetailPage */,
				A3FE0EDA2DB62E6A0044CA0E /* CharacterPage */,
				A3FE0EDE2DB75DC90044CA0E /* VoiceActorPage */,
			);
			name = AnimeTracker;
			productName = AnimeTracker;
			productReference = CDC14F1D2C453DBF00BC14FA /* AnimeTracker.app */;
			productType = "com.apple.product-type.application";
		};
/* End PBXNativeTarget section */

/* Begin PBXProject section */
		CDC14F152C453DBF00BC14FA /* Project object */ = {
			isa = PBXProject;
			attributes = {
				BuildIndependentTargetsInParallel = 1;
				LastSwiftUpdateCheck = 1620;
				LastUpgradeCheck = 1540;
				TargetAttributes = {
					A3CB2AC02DF0712A0070A7DF = {
						CreatedOnToolsVersion = 16.2;
						TestTargetID = CDC14F1C2C453DBF00BC14FA;
					};
					A3CB2ACD2DF0714C0070A7DF = {
						CreatedOnToolsVersion = 16.2;
						TestTargetID = CDC14F1C2C453DBF00BC14FA;
					};
					CDC14F1C2C453DBF00BC14FA = {
						CreatedOnToolsVersion = 15.4;
					};
				};
			};
			buildConfigurationList = CDC14F182C453DBF00BC14FA /* Build configuration list for PBXProject "AnimeTracker" */;
			compatibilityVersion = "Xcode 14.0";
			developmentRegion = en;
			hasScannedForEncodings = 0;
			knownRegions = (
				en,
				Base,
			);
			mainGroup = CDC14F142C453DBF00BC14FA;
			packageReferences = (
				A3FE0E9C2DAF79970044CA0E /* XCRemoteSwiftPackageReference "Kingfisher" */,
				A30C69AE2DDB5812004A7A88 /* XCRemoteSwiftPackageReference "CombineCocoa" */,
				A30C69B42DDB5B2C004A7A88 /* XCRemoteSwiftPackageReference "SnapKit" */,
				A30AA2B92DDB879600E24670 /* XCRemoteSwiftPackageReference "LookinServer" */,
				A3A77A262DF33F7100DFF8D4 /* XCRemoteSwiftPackageReference "lottie-ios" */,
			);
			productRefGroup = CDC14F1E2C453DBF00BC14FA /* Products */;
			projectDirPath = "";
			projectRoot = "";
			targets = (
				CDC14F1C2C453DBF00BC14FA /* AnimeTracker */,
				A3CB2AC02DF0712A0070A7DF /* AnimeTrackerTests */,
				A3CB2ACD2DF0714C0070A7DF /* AnimeTrackerUITests */,
			);
		};
/* End PBXProject section */

/* Begin PBXResourcesBuildPhase section */
		A3CB2ABF2DF0712A0070A7DF /* Resources */ = {
			isa = PBXResourcesBuildPhase;
			buildActionMask = 2147483647;
			files = (
			);
			runOnlyForDeploymentPostprocessing = 0;
		};
		A3CB2ACC2DF0714C0070A7DF /* Resources */ = {
			isa = PBXResourcesBuildPhase;
			buildActionMask = 2147483647;
			files = (
			);
			runOnlyForDeploymentPostprocessing = 0;
		};
		CDC14F1B2C453DBF00BC14FA /* Resources */ = {
			isa = PBXResourcesBuildPhase;
			buildActionMask = 2147483647;
			files = (
				CDC14F2A2C453DC000BC14FA /* Assets.xcassets in Resources */,
				CD6FB7432C63C752006455D6 /* GoogleService-Info.plist in Resources */,
				CDC14F2D2C453DC000BC14FA /* Base in Resources */,
				CDC14F282C453DBF00BC14FA /* Base in Resources */,
				CDA141F62C57CDDD00708A8B /* ThreadsView.xib in Resources */,
				A3CB2AE52DF1D9740070A7DF /* 20240822 2 in Resources */,
				A3CB2AE62DF1D9740070A7DF /* Simulator Screenshot - iPhone 15 Pro - 2024-07-17 at 22.38.56 2.png in Resources */,
				A3CB2AE72DF1D9740070A7DF /* screenshot 2024-07-24 23.02.45 2.png in Resources */,
				A3CB2AE82DF1D9740070A7DF /* Simulator Screenshot - iPhone 15 Pro - 2024-07-18 at 21.47.05 2.png in Resources */,
				A3A77A3C2DF4912900DFF8D4 /* category.png in Resources */,
				A3A77A362DF48CA600DFF8D4 /* login.png in Resources */,
				A3CB2AF12DF1DAB00070A7DF /* animeDetail3.png in Resources */,
				A3CB2AE92DF1D9740070A7DF /* Simulator Screenshot - iPhone 15 Pro - 2024-07-20 at 23.33.46 2.png in Resources */,
				A3CB2AED2DF1DA520070A7DF /* animeDetail1.png in Resources */,
				A3CB2AEE2DF1DA520070A7DF /* animeDetail2.png in Resources */,
				A3A77A402DF4919B00DFF8D4 /* searching3.png in Resources */,
				A3A77A412DF4919B00DFF8D4 /* searching1.png in Resources */,
				A3A77A422DF4919B00DFF8D4 /* searching2.png in Resources */,
				A3A77A382DF4903900DFF8D4 /* register.png in Resources */,
				A3A77A3A2DF4904700DFF8D4 /* resetpass.png in Resources */,
				A3CB2AEF2DF1DA520070A7DF /* trending.png in Resources */,
				CDA141F12C57C5DE00708A8B /* ThreadPreview.xib in Resources */,
			);
			runOnlyForDeploymentPostprocessing = 0;
		};
/* End PBXResourcesBuildPhase section */

/* Begin PBXShellScriptBuildPhase section */
		361692C3A9A2EEFD42C7985B /* [CP] Check Pods Manifest.lock */ = {
			isa = PBXShellScriptBuildPhase;
			buildActionMask = 2147483647;
			files = (
			);
			inputFileListPaths = (
			);
			inputPaths = (
				"${PODS_PODFILE_DIR_PATH}/Podfile.lock",
				"${PODS_ROOT}/Manifest.lock",
			);
			name = "[CP] Check Pods Manifest.lock";
			outputFileListPaths = (
			);
			outputPaths = (
				"$(DERIVED_FILE_DIR)/Pods-AnimeTracker-checkManifestLockResult.txt",
			);
			runOnlyForDeploymentPostprocessing = 0;
			shellPath = /bin/sh;
			shellScript = "diff \"${PODS_PODFILE_DIR_PATH}/Podfile.lock\" \"${PODS_ROOT}/Manifest.lock\" > /dev/null\nif [ $? != 0 ] ; then\n    # print error to STDERR\n    echo \"error: The sandbox is not in sync with the Podfile.lock. Run 'pod install' or update your CocoaPods installation.\" >&2\n    exit 1\nfi\n# This output is used by Xcode 'outputs' to avoid re-running this script phase.\necho \"SUCCESS\" > \"${SCRIPT_OUTPUT_FILE_0}\"\n";
			showEnvVarsInLog = 0;
		};
		AAD891B7180D4B24000DD62F /* [CP] Embed Pods Frameworks */ = {
			isa = PBXShellScriptBuildPhase;
			buildActionMask = 2147483647;
			files = (
			);
			inputFileListPaths = (
				"${PODS_ROOT}/Target Support Files/Pods-AnimeTracker/Pods-AnimeTracker-frameworks-${CONFIGURATION}-input-files.xcfilelist",
			);
			name = "[CP] Embed Pods Frameworks";
			outputFileListPaths = (
				"${PODS_ROOT}/Target Support Files/Pods-AnimeTracker/Pods-AnimeTracker-frameworks-${CONFIGURATION}-output-files.xcfilelist",
			);
			runOnlyForDeploymentPostprocessing = 0;
			shellPath = /bin/sh;
			shellScript = "\"${PODS_ROOT}/Target Support Files/Pods-AnimeTracker/Pods-AnimeTracker-frameworks.sh\"\n";
			showEnvVarsInLog = 0;
		};
/* End PBXShellScriptBuildPhase section */

/* Begin PBXSourcesBuildPhase section */
		A3CB2ABD2DF0712A0070A7DF /* Sources */ = {
			isa = PBXSourcesBuildPhase;
			buildActionMask = 2147483647;
			files = (
			);
			runOnlyForDeploymentPostprocessing = 0;
		};
		A3CB2ACA2DF0714C0070A7DF /* Sources */ = {
			isa = PBXSourcesBuildPhase;
			buildActionMask = 2147483647;
			files = (
			);
			runOnlyForDeploymentPostprocessing = 0;
		};
		CDC14F192C453DBF00BC14FA /* Sources */ = {
			isa = PBXSourcesBuildPhase;
			buildActionMask = 2147483647;
			files = (
				CDA141F32C57CCC100708A8B /* ThreadPreview.swift in Sources */,
				CD1AA0E52C49475D00993AEB /* UIImageViewExtension.swift in Sources */,
				CD1AA0EF2C4BB30F00993AEB /* UILabelWithPadding.swift in Sources */,
				CD1AA0ED2C4BA82D00993AEB /* AnimeDetailDataDelegate.swift in Sources */,
				CD2FF7B42C5CB98800924687 /* ThreadResponse.swift in Sources */,
				A3CB2ADD2DF096020070A7DF /* NSObject+Ext.swift in Sources */,
				CD2FF7AE2C5CB93000924687 /* VoiceActorDataResponse.swift in Sources */,
				CD2FF7A12C5B804F00924687 /* AnimeCharacterDataDelegate.swift in Sources */,
				A3619D182DD60E4700231B63 /* Publisher+Ext.swift in Sources */,
				CDA141F82C57CEC000708A8B /* ThreadsView.swift in Sources */,
				A33224C92DFD7ACD0015B204 /* MediaCharacterPreview.swift in Sources */,
				CD2FF7B82C5CB9CD00924687 /* MediaStaffPreview.swift in Sources */,
				CD8DD5CA2C60987C00E0D7A2 /* OpenURLDelegate.swift in Sources */,
				A3619D1A2DD61C4800231B63 /* UIButton+Ext.swift in Sources */,
				CD9D4E682C4D0126003492C1 /* AnimeDescriptionDelegate.swift in Sources */,
				CD9D4EDB2C550FB2003492C1 /* UIColorExtension.swift in Sources */,
				CDC14F212C453DBF00BC14FA /* AppDelegate.swift in Sources */,
				CD2FF7BE2C5CC4ED00924687 /* FetchAnimeVoiceActorData.swift in Sources */,
				CD2FF7B22C5CB96F00924687 /* CharacterDetail.swift in Sources */,
				CD2FF7B62C5CB9A500924687 /* MediaRanking.swift in Sources */,
				CD9D4E792C513B07003492C1 /* AnimeDetailFunc.swift in Sources */,
				CD7EF8CA2C66456700DCBF7E /* AnimeNotification.swift in Sources */,
				CDC14F232C453DBF00BC14FA /* SceneDelegate.swift in Sources */,
				CDC14F382C4554F500BC14FA /* PickerData.swift in Sources */,
			);
			runOnlyForDeploymentPostprocessing = 0;
		};
/* End PBXSourcesBuildPhase section */

/* Begin PBXTargetDependency section */
		A3CB2AC62DF0712A0070A7DF /* PBXTargetDependency */ = {
			isa = PBXTargetDependency;
			target = CDC14F1C2C453DBF00BC14FA /* AnimeTracker */;
			targetProxy = A3CB2AC52DF0712A0070A7DF /* PBXContainerItemProxy */;
		};
		A3CB2AD52DF0714C0070A7DF /* PBXTargetDependency */ = {
			isa = PBXTargetDependency;
			target = CDC14F1C2C453DBF00BC14FA /* AnimeTracker */;
			targetProxy = A3CB2AD42DF0714C0070A7DF /* PBXContainerItemProxy */;
		};
/* End PBXTargetDependency section */

/* Begin PBXVariantGroup section */
		CDC14F262C453DBF00BC14FA /* Main.storyboard */ = {
			isa = PBXVariantGroup;
			children = (
				CDC14F272C453DBF00BC14FA /* Base */,
			);
			name = Main.storyboard;
			sourceTree = "<group>";
		};
		CDC14F2B2C453DC000BC14FA /* LaunchScreen.storyboard */ = {
			isa = PBXVariantGroup;
			children = (
				CDC14F2C2C453DC000BC14FA /* Base */,
			);
			name = LaunchScreen.storyboard;
			sourceTree = "<group>";
		};
/* End PBXVariantGroup section */

/* Begin XCBuildConfiguration section */
		A3CB2AC72DF0712A0070A7DF /* Debug */ = {
			isa = XCBuildConfiguration;
			buildSettings = {
				BUNDLE_LOADER = "$(TEST_HOST)";
				CODE_SIGN_STYLE = Automatic;
				CURRENT_PROJECT_VERSION = 2;
				DEVELOPMENT_TEAM = P2CKQU8TPP;
				ENABLE_USER_SCRIPT_SANDBOXING = YES;
				GENERATE_INFOPLIST_FILE = YES;
				IPHONEOS_DEPLOYMENT_TARGET = 18.2;
				MARKETING_VERSION = 1.0;
				PRODUCT_BUNDLE_IDENTIFIER = Hypocrite.AnimeTrackerTests;
				PRODUCT_NAME = "$(TARGET_NAME)";
				SWIFT_EMIT_LOC_STRINGS = NO;
				SWIFT_VERSION = 5.0;
				TARGETED_DEVICE_FAMILY = "1,2";
				TEST_HOST = "$(BUILT_PRODUCTS_DIR)/AnimeTracker.app/$(BUNDLE_EXECUTABLE_FOLDER_PATH)/AnimeTracker";
			};
			name = Debug;
		};
		A3CB2AC82DF0712A0070A7DF /* Release */ = {
			isa = XCBuildConfiguration;
			buildSettings = {
				BUNDLE_LOADER = "$(TEST_HOST)";
				CODE_SIGN_STYLE = Automatic;
				CURRENT_PROJECT_VERSION = 2;
				DEVELOPMENT_TEAM = P2CKQU8TPP;
				ENABLE_USER_SCRIPT_SANDBOXING = YES;
				GENERATE_INFOPLIST_FILE = YES;
				IPHONEOS_DEPLOYMENT_TARGET = 18.2;
				MARKETING_VERSION = 1.0;
				PRODUCT_BUNDLE_IDENTIFIER = Hypocrite.AnimeTrackerTests;
				PRODUCT_NAME = "$(TARGET_NAME)";
				SWIFT_EMIT_LOC_STRINGS = NO;
				SWIFT_VERSION = 5.0;
				TARGETED_DEVICE_FAMILY = "1,2";
				TEST_HOST = "$(BUILT_PRODUCTS_DIR)/AnimeTracker.app/$(BUNDLE_EXECUTABLE_FOLDER_PATH)/AnimeTracker";
			};
			name = Release;
		};
		A3CB2AD72DF0714C0070A7DF /* Debug */ = {
			isa = XCBuildConfiguration;
			buildSettings = {
				CODE_SIGN_STYLE = Automatic;
				CURRENT_PROJECT_VERSION = 2;
				DEVELOPMENT_TEAM = P2CKQU8TPP;
				ENABLE_USER_SCRIPT_SANDBOXING = YES;
				GENERATE_INFOPLIST_FILE = YES;
				IPHONEOS_DEPLOYMENT_TARGET = 18.2;
				MARKETING_VERSION = 1.0;
				PRODUCT_BUNDLE_IDENTIFIER = Hypocrite.AnimeTrackerUITests;
				PRODUCT_NAME = "$(TARGET_NAME)";
				SWIFT_EMIT_LOC_STRINGS = NO;
				SWIFT_VERSION = 5.0;
				TARGETED_DEVICE_FAMILY = "1,2";
				TEST_TARGET_NAME = AnimeTracker;
			};
			name = Debug;
		};
		A3CB2AD82DF0714C0070A7DF /* Release */ = {
			isa = XCBuildConfiguration;
			buildSettings = {
				CODE_SIGN_STYLE = Automatic;
				CURRENT_PROJECT_VERSION = 2;
				DEVELOPMENT_TEAM = P2CKQU8TPP;
				ENABLE_USER_SCRIPT_SANDBOXING = YES;
				GENERATE_INFOPLIST_FILE = YES;
				IPHONEOS_DEPLOYMENT_TARGET = 18.2;
				MARKETING_VERSION = 1.0;
				PRODUCT_BUNDLE_IDENTIFIER = Hypocrite.AnimeTrackerUITests;
				PRODUCT_NAME = "$(TARGET_NAME)";
				SWIFT_EMIT_LOC_STRINGS = NO;
				SWIFT_VERSION = 5.0;
				TARGETED_DEVICE_FAMILY = "1,2";
				TEST_TARGET_NAME = AnimeTracker;
			};
			name = Release;
		};
		CDC14F2F2C453DC000BC14FA /* Debug */ = {
			isa = XCBuildConfiguration;
			buildSettings = {
				ALWAYS_SEARCH_USER_PATHS = NO;
				ASSETCATALOG_COMPILER_GENERATE_SWIFT_ASSET_SYMBOL_EXTENSIONS = YES;
				CLANG_ANALYZER_NONNULL = YES;
				CLANG_ANALYZER_NUMBER_OBJECT_CONVERSION = YES_AGGRESSIVE;
				CLANG_CXX_LANGUAGE_STANDARD = "gnu++20";
				CLANG_ENABLE_MODULES = YES;
				CLANG_ENABLE_OBJC_ARC = YES;
				CLANG_ENABLE_OBJC_WEAK = YES;
				CLANG_WARN_BLOCK_CAPTURE_AUTORELEASING = YES;
				CLANG_WARN_BOOL_CONVERSION = YES;
				CLANG_WARN_COMMA = YES;
				CLANG_WARN_CONSTANT_CONVERSION = YES;
				CLANG_WARN_DEPRECATED_OBJC_IMPLEMENTATIONS = YES;
				CLANG_WARN_DIRECT_OBJC_ISA_USAGE = YES_ERROR;
				CLANG_WARN_DOCUMENTATION_COMMENTS = YES;
				CLANG_WARN_EMPTY_BODY = YES;
				CLANG_WARN_ENUM_CONVERSION = YES;
				CLANG_WARN_INFINITE_RECURSION = YES;
				CLANG_WARN_INT_CONVERSION = YES;
				CLANG_WARN_NON_LITERAL_NULL_CONVERSION = YES;
				CLANG_WARN_OBJC_IMPLICIT_RETAIN_SELF = YES;
				CLANG_WARN_OBJC_LITERAL_CONVERSION = YES;
				CLANG_WARN_OBJC_ROOT_CLASS = YES_ERROR;
				CLANG_WARN_QUOTED_INCLUDE_IN_FRAMEWORK_HEADER = YES;
				CLANG_WARN_RANGE_LOOP_ANALYSIS = YES;
				CLANG_WARN_STRICT_PROTOTYPES = YES;
				CLANG_WARN_SUSPICIOUS_MOVE = YES;
				CLANG_WARN_UNGUARDED_AVAILABILITY = YES_AGGRESSIVE;
				CLANG_WARN_UNREACHABLE_CODE = YES;
				CLANG_WARN__DUPLICATE_METHOD_MATCH = YES;
				COPY_PHASE_STRIP = NO;
				DEBUG_INFORMATION_FORMAT = dwarf;
				ENABLE_STRICT_OBJC_MSGSEND = YES;
				ENABLE_TESTABILITY = YES;
				ENABLE_USER_SCRIPT_SANDBOXING = NO;
				GCC_C_LANGUAGE_STANDARD = gnu17;
				GCC_DYNAMIC_NO_PIC = NO;
				GCC_NO_COMMON_BLOCKS = YES;
				GCC_OPTIMIZATION_LEVEL = 0;
				GCC_PREPROCESSOR_DEFINITIONS = (
					"DEBUG=1",
					"$(inherited)",
				);
				GCC_WARN_64_TO_32_BIT_CONVERSION = YES;
				GCC_WARN_ABOUT_RETURN_TYPE = YES_ERROR;
				GCC_WARN_UNDECLARED_SELECTOR = YES;
				GCC_WARN_UNINITIALIZED_AUTOS = YES_AGGRESSIVE;
				GCC_WARN_UNUSED_FUNCTION = YES;
				GCC_WARN_UNUSED_VARIABLE = YES;
				IPHONEOS_DEPLOYMENT_TARGET = 17.5;
				LOCALIZATION_PREFERS_STRING_CATALOGS = YES;
				MTL_ENABLE_DEBUG_INFO = INCLUDE_SOURCE;
				MTL_FAST_MATH = YES;
				ONLY_ACTIVE_ARCH = YES;
				SDKROOT = iphoneos;
				SWIFT_ACTIVE_COMPILATION_CONDITIONS = "DEBUG $(inherited)";
				SWIFT_OPTIMIZATION_LEVEL = "-Onone";
			};
			name = Debug;
		};
		CDC14F302C453DC000BC14FA /* Release */ = {
			isa = XCBuildConfiguration;
			buildSettings = {
				ALWAYS_SEARCH_USER_PATHS = NO;
				ASSETCATALOG_COMPILER_GENERATE_SWIFT_ASSET_SYMBOL_EXTENSIONS = YES;
				CLANG_ANALYZER_NONNULL = YES;
				CLANG_ANALYZER_NUMBER_OBJECT_CONVERSION = YES_AGGRESSIVE;
				CLANG_CXX_LANGUAGE_STANDARD = "gnu++20";
				CLANG_ENABLE_MODULES = YES;
				CLANG_ENABLE_OBJC_ARC = YES;
				CLANG_ENABLE_OBJC_WEAK = YES;
				CLANG_WARN_BLOCK_CAPTURE_AUTORELEASING = YES;
				CLANG_WARN_BOOL_CONVERSION = YES;
				CLANG_WARN_COMMA = YES;
				CLANG_WARN_CONSTANT_CONVERSION = YES;
				CLANG_WARN_DEPRECATED_OBJC_IMPLEMENTATIONS = YES;
				CLANG_WARN_DIRECT_OBJC_ISA_USAGE = YES_ERROR;
				CLANG_WARN_DOCUMENTATION_COMMENTS = YES;
				CLANG_WARN_EMPTY_BODY = YES;
				CLANG_WARN_ENUM_CONVERSION = YES;
				CLANG_WARN_INFINITE_RECURSION = YES;
				CLANG_WARN_INT_CONVERSION = YES;
				CLANG_WARN_NON_LITERAL_NULL_CONVERSION = YES;
				CLANG_WARN_OBJC_IMPLICIT_RETAIN_SELF = YES;
				CLANG_WARN_OBJC_LITERAL_CONVERSION = YES;
				CLANG_WARN_OBJC_ROOT_CLASS = YES_ERROR;
				CLANG_WARN_QUOTED_INCLUDE_IN_FRAMEWORK_HEADER = YES;
				CLANG_WARN_RANGE_LOOP_ANALYSIS = YES;
				CLANG_WARN_STRICT_PROTOTYPES = YES;
				CLANG_WARN_SUSPICIOUS_MOVE = YES;
				CLANG_WARN_UNGUARDED_AVAILABILITY = YES_AGGRESSIVE;
				CLANG_WARN_UNREACHABLE_CODE = YES;
				CLANG_WARN__DUPLICATE_METHOD_MATCH = YES;
				COPY_PHASE_STRIP = NO;
				DEBUG_INFORMATION_FORMAT = "dwarf-with-dsym";
				ENABLE_NS_ASSERTIONS = NO;
				ENABLE_STRICT_OBJC_MSGSEND = YES;
				ENABLE_USER_SCRIPT_SANDBOXING = NO;
				GCC_C_LANGUAGE_STANDARD = gnu17;
				GCC_NO_COMMON_BLOCKS = YES;
				GCC_WARN_64_TO_32_BIT_CONVERSION = YES;
				GCC_WARN_ABOUT_RETURN_TYPE = YES_ERROR;
				GCC_WARN_UNDECLARED_SELECTOR = YES;
				GCC_WARN_UNINITIALIZED_AUTOS = YES_AGGRESSIVE;
				GCC_WARN_UNUSED_FUNCTION = YES;
				GCC_WARN_UNUSED_VARIABLE = YES;
				IPHONEOS_DEPLOYMENT_TARGET = 17.5;
				LOCALIZATION_PREFERS_STRING_CATALOGS = YES;
				MTL_ENABLE_DEBUG_INFO = NO;
				MTL_FAST_MATH = YES;
				SDKROOT = iphoneos;
				SWIFT_COMPILATION_MODE = wholemodule;
				VALIDATE_PRODUCT = YES;
			};
			name = Release;
		};
		CDC14F322C453DC000BC14FA /* Debug */ = {
			isa = XCBuildConfiguration;
			baseConfigurationReference = 9FC9250BE48481FE9A6EBF98 /* Pods-AnimeTracker.debug.xcconfig */;
			buildSettings = {
				ASSETCATALOG_COMPILER_APPICON_NAME = AppIcon;
				ASSETCATALOG_COMPILER_GLOBAL_ACCENT_COLOR_NAME = AccentColor;
				CODE_SIGN_ENTITLEMENTS = "";
				CODE_SIGN_IDENTITY = "Apple Development";
				CODE_SIGN_STYLE = Automatic;
				CURRENT_PROJECT_VERSION = 2;
				DEVELOPMENT_TEAM = P2CKQU8TPP;
				GENERATE_INFOPLIST_FILE = YES;
				INFOPLIST_FILE = AnimeTracker/Info.plist;
				INFOPLIST_KEY_UIApplicationSupportsIndirectInputEvents = YES;
				INFOPLIST_KEY_UILaunchStoryboardName = LaunchScreen;
				INFOPLIST_KEY_UIMainStoryboardFile = Main;
				INFOPLIST_KEY_UISupportedInterfaceOrientations = UIInterfaceOrientationPortrait;
				INFOPLIST_KEY_UISupportedInterfaceOrientations_iPad = "UIInterfaceOrientationLandscapeLeft UIInterfaceOrientationLandscapeRight UIInterfaceOrientationPortrait";
				IPHONEOS_DEPLOYMENT_TARGET = 16.0;
				LD_RUNPATH_SEARCH_PATHS = (
					"$(inherited)",
					"@executable_path/Frameworks",
				);
				MARKETING_VERSION = 1.1.7;
				PRODUCT_BUNDLE_IDENTIFIER = hypocrite1023.AnimeTracker;
				PRODUCT_NAME = "$(TARGET_NAME)";
				PROVISIONING_PROFILE_SPECIFIER = "";
				SUPPORTED_PLATFORMS = "iphoneos iphonesimulator";
				SUPPORTS_MACCATALYST = NO;
				SUPPORTS_MAC_DESIGNED_FOR_IPHONE_IPAD = NO;
				SUPPORTS_XR_DESIGNED_FOR_IPHONE_IPAD = NO;
				SWIFT_EMIT_LOC_STRINGS = YES;
				SWIFT_VERSION = 5.0;
				TARGETED_DEVICE_FAMILY = 1;
			};
			name = Debug;
		};
		CDC14F332C453DC000BC14FA /* Release */ = {
			isa = XCBuildConfiguration;
			baseConfigurationReference = 07699B9B52E92D5AB8B9520E /* Pods-AnimeTracker.release.xcconfig */;
			buildSettings = {
				ASSETCATALOG_COMPILER_APPICON_NAME = AppIcon;
				ASSETCATALOG_COMPILER_GLOBAL_ACCENT_COLOR_NAME = AccentColor;
				CODE_SIGN_ENTITLEMENTS = "";
				CODE_SIGN_IDENTITY = "Apple Development";
				CODE_SIGN_STYLE = Automatic;
				CURRENT_PROJECT_VERSION = 2;
				DEVELOPMENT_TEAM = P2CKQU8TPP;
				GENERATE_INFOPLIST_FILE = YES;
				INFOPLIST_FILE = AnimeTracker/Info.plist;
				INFOPLIST_KEY_UIApplicationSupportsIndirectInputEvents = YES;
				INFOPLIST_KEY_UILaunchStoryboardName = LaunchScreen;
				INFOPLIST_KEY_UIMainStoryboardFile = Main;
				INFOPLIST_KEY_UISupportedInterfaceOrientations = UIInterfaceOrientationPortrait;
				INFOPLIST_KEY_UISupportedInterfaceOrientations_iPad = "UIInterfaceOrientationLandscapeLeft UIInterfaceOrientationLandscapeRight UIInterfaceOrientationPortrait";
				IPHONEOS_DEPLOYMENT_TARGET = 16.0;
				LD_RUNPATH_SEARCH_PATHS = (
					"$(inherited)",
					"@executable_path/Frameworks",
				);
				MARKETING_VERSION = 1.1.7;
				PRODUCT_BUNDLE_IDENTIFIER = hypocrite1023.AnimeTracker;
				PRODUCT_NAME = "$(TARGET_NAME)";
				PROVISIONING_PROFILE_SPECIFIER = "";
				SUPPORTED_PLATFORMS = "iphoneos iphonesimulator";
				SUPPORTS_MACCATALYST = NO;
				SUPPORTS_MAC_DESIGNED_FOR_IPHONE_IPAD = NO;
				SUPPORTS_XR_DESIGNED_FOR_IPHONE_IPAD = NO;
				SWIFT_EMIT_LOC_STRINGS = YES;
				SWIFT_VERSION = 5.0;
				TARGETED_DEVICE_FAMILY = 1;
			};
			name = Release;
		};
/* End XCBuildConfiguration section */

/* Begin XCConfigurationList section */
		A3CB2AC92DF0712A0070A7DF /* Build configuration list for PBXNativeTarget "AnimeTrackerTests" */ = {
			isa = XCConfigurationList;
			buildConfigurations = (
				A3CB2AC72DF0712A0070A7DF /* Debug */,
				A3CB2AC82DF0712A0070A7DF /* Release */,
			);
			defaultConfigurationIsVisible = 0;
			defaultConfigurationName = Release;
		};
		A3CB2AD62DF0714C0070A7DF /* Build configuration list for PBXNativeTarget "AnimeTrackerUITests" */ = {
			isa = XCConfigurationList;
			buildConfigurations = (
				A3CB2AD72DF0714C0070A7DF /* Debug */,
				A3CB2AD82DF0714C0070A7DF /* Release */,
			);
			defaultConfigurationIsVisible = 0;
			defaultConfigurationName = Release;
		};
		CDC14F182C453DBF00BC14FA /* Build configuration list for PBXProject "AnimeTracker" */ = {
			isa = XCConfigurationList;
			buildConfigurations = (
				CDC14F2F2C453DC000BC14FA /* Debug */,
				CDC14F302C453DC000BC14FA /* Release */,
			);
			defaultConfigurationIsVisible = 0;
			defaultConfigurationName = Release;
		};
		CDC14F312C453DC000BC14FA /* Build configuration list for PBXNativeTarget "AnimeTracker" */ = {
			isa = XCConfigurationList;
			buildConfigurations = (
				CDC14F322C453DC000BC14FA /* Debug */,
				CDC14F332C453DC000BC14FA /* Release */,
			);
			defaultConfigurationIsVisible = 0;
			defaultConfigurationName = Release;
		};
/* End XCConfigurationList section */

/* Begin XCRemoteSwiftPackageReference section */
		A30AA2B92DDB879600E24670 /* XCRemoteSwiftPackageReference "LookinServer" */ = {
			isa = XCRemoteSwiftPackageReference;
			repositoryURL = "https://github.com/QMUI/LookinServer/";
			requirement = {
				kind = upToNextMajorVersion;
				minimumVersion = 1.2.8;
			};
		};
		A30C69A92DDB5701004A7A88 /* XCRemoteSwiftPackageReference "SnapKit" */ = {
			isa = XCRemoteSwiftPackageReference;
			repositoryURL = "https://github.com/SnapKit/SnapKit";
			requirement = {
				kind = upToNextMajorVersion;
				minimumVersion = 5.7.1;
			};
		};
		A30C69AE2DDB5812004A7A88 /* XCRemoteSwiftPackageReference "CombineCocoa" */ = {
			isa = XCRemoteSwiftPackageReference;
			repositoryURL = "https://github.com/CombineCommunity/CombineCocoa";
			requirement = {
				kind = upToNextMajorVersion;
				minimumVersion = 0.4.1;
			};
		};
		A30C69B12DDB5A9B004A7A88 /* XCRemoteSwiftPackageReference "SnapKit" */ = {
			isa = XCRemoteSwiftPackageReference;
			repositoryURL = "https://github.com/SnapKit/SnapKit";
			requirement = {
				kind = upToNextMajorVersion;
				minimumVersion = 5.7.1;
			};
		};
		A30C69B42DDB5B2C004A7A88 /* XCRemoteSwiftPackageReference "SnapKit" */ = {
			isa = XCRemoteSwiftPackageReference;
			repositoryURL = "https://github.com/SnapKit/SnapKit";
			requirement = {
				kind = upToNextMajorVersion;
				minimumVersion = 5.7.1;
			};
		};
		A3A77A262DF33F7100DFF8D4 /* XCRemoteSwiftPackageReference "lottie-ios" */ = {
			isa = XCRemoteSwiftPackageReference;
			repositoryURL = "https://github.com/airbnb/lottie-ios.git";
			requirement = {
				kind = upToNextMajorVersion;
				minimumVersion = 4.5.2;
			};
		};
		A3FE0E9C2DAF79970044CA0E /* XCRemoteSwiftPackageReference "Kingfisher" */ = {
			isa = XCRemoteSwiftPackageReference;
			repositoryURL = "https://github.com/onevcat/Kingfisher";
			requirement = {
				kind = upToNextMajorVersion;
				minimumVersion = 8.3.2;
			};
		};
/* End XCRemoteSwiftPackageReference section */

/* Begin XCSwiftPackageProductDependency section */
		A30AA2BA2DDB879600E24670 /* LookinServer */ = {
			isa = XCSwiftPackageProductDependency;
			package = A30AA2B92DDB879600E24670 /* XCRemoteSwiftPackageReference "LookinServer" */;
			productName = LookinServer;
		};
		A30C69A72DD84381004A7A88 /* Kingfisher */ = {
			isa = XCSwiftPackageProductDependency;
			package = A3FE0E9C2DAF79970044CA0E /* XCRemoteSwiftPackageReference "Kingfisher" */;
			productName = Kingfisher;
		};
		A30C69AA2DDB5701004A7A88 /* SnapKit */ = {
			isa = XCSwiftPackageProductDependency;
			package = A30C69A92DDB5701004A7A88 /* XCRemoteSwiftPackageReference "SnapKit" */;
			productName = SnapKit;
		};
		A30C69AF2DDB5812004A7A88 /* CombineCocoa */ = {
			isa = XCSwiftPackageProductDependency;
			package = A30C69AE2DDB5812004A7A88 /* XCRemoteSwiftPackageReference "CombineCocoa" */;
			productName = CombineCocoa;
		};
		A30C69B22DDB5A9B004A7A88 /* SnapKit */ = {
			isa = XCSwiftPackageProductDependency;
			package = A30C69B12DDB5A9B004A7A88 /* XCRemoteSwiftPackageReference "SnapKit" */;
			productName = SnapKit;
		};
		A30C69B52DDB5B2C004A7A88 /* SnapKit */ = {
			isa = XCSwiftPackageProductDependency;
			package = A30C69B42DDB5B2C004A7A88 /* XCRemoteSwiftPackageReference "SnapKit" */;
			productName = SnapKit;
		};
		A3A77A272DF33F7100DFF8D4 /* Lottie */ = {
			isa = XCSwiftPackageProductDependency;
			package = A3A77A262DF33F7100DFF8D4 /* XCRemoteSwiftPackageReference "lottie-ios" */;
			productName = Lottie;
		};
		A3FE0E9D2DAF79970044CA0E /* Kingfisher */ = {
			isa = XCSwiftPackageProductDependency;
			package = A3FE0E9C2DAF79970044CA0E /* XCRemoteSwiftPackageReference "Kingfisher" */;
			productName = Kingfisher;
		};
/* End XCSwiftPackageProductDependency section */
	};
	rootObject = CDC14F152C453DBF00BC14FA /* Project object */;
}
