// !$*UTF8*$!
{
	archiveVersion = 1;
	classes = {
	};
	objectVersion = 56;
	objects = {

/* Begin PBXBuildFile section */
		CDC14F212C453DBF00BC14FA /* AppDelegate.swift in Sources */ = {isa = PBXBuildFile; fileRef = CDC14F202C453DBF00BC14FA /* AppDelegate.swift */; };
		CDC14F232C453DBF00BC14FA /* SceneDelegate.swift in Sources */ = {isa = PBXBuildFile; fileRef = CDC14F222C453DBF00BC14FA /* SceneDelegate.swift */; };
		CDC14F252C453DBF00BC14FA /* ViewController.swift in Sources */ = {isa = PBXBuildFile; fileRef = CDC14F242C453DBF00BC14FA /* ViewController.swift */; };
		CDC14F282C453DBF00BC14FA /* Base in Resources */ = {isa = PBXBuildFile; fileRef = CDC14F272C453DBF00BC14FA /* Base */; };
		CDC14F2A2C453DC000BC14FA /* Assets.xcassets in Resources */ = {isa = PBXBuildFile; fileRef = CDC14F292C453DC000BC14FA /* Assets.xcassets */; };
		CDC14F2D2C453DC000BC14FA /* Base in Resources */ = {isa = PBXBuildFile; fileRef = CDC14F2C2C453DC000BC14FA /* Base */; };
		CDC14F382C4554F500BC14FA /* PickerData.swift in Sources */ = {isa = PBXBuildFile; fileRef = CDC14F372C4554F500BC14FA /* PickerData.swift */; };
		CDC14F3A2C4555D200BC14FA /* SearchPageViewController.swift in Sources */ = {isa = PBXBuildFile; fileRef = CDC14F392C4555D200BC14FA /* SearchPageViewController.swift */; };
		CDC14F3C2C46A7C200BC14FA /* AnimeFetchData.swift in Sources */ = {isa = PBXBuildFile; fileRef = CDC14F3B2C46A7C200BC14FA /* AnimeFetchData.swift */; };
		CDE22E452C47C39500080BAD /* SearchingAnimeCollectionViewCell.swift in Sources */ = {isa = PBXBuildFile; fileRef = CDE22E442C47C39500080BAD /* SearchingAnimeCollectionViewCell.swift */; };
		CDE22E482C47F8B600080BAD /* AnimeDataDelegate.swift in Sources */ = {isa = PBXBuildFile; fileRef = CDE22E472C47F8B600080BAD /* AnimeDataDelegate.swift */; };
		CDE22E4B2C480F7400080BAD /* Simulator Screenshot - iPhone 15 Pro - 2024-07-17 at 22.38.56.png in Resources */ = {isa = PBXBuildFile; fileRef = CDE22E4A2C480F7400080BAD /* Simulator Screenshot - iPhone 15 Pro - 2024-07-17 at 22.38.56.png */; };
		CDE22E4D2C48103C00080BAD /* README.md in Resources */ = {isa = PBXBuildFile; fileRef = CDE22E4C2C48103C00080BAD /* README.md */; };
/* End PBXBuildFile section */

/* Begin PBXFileReference section */
		CDC14F1D2C453DBF00BC14FA /* AnimeTracker.app */ = {isa = PBXFileReference; explicitFileType = wrapper.application; includeInIndex = 0; path = AnimeTracker.app; sourceTree = BUILT_PRODUCTS_DIR; };
		CDC14F202C453DBF00BC14FA /* AppDelegate.swift */ = {isa = PBXFileReference; lastKnownFileType = sourcecode.swift; path = AppDelegate.swift; sourceTree = "<group>"; };
		CDC14F222C453DBF00BC14FA /* SceneDelegate.swift */ = {isa = PBXFileReference; lastKnownFileType = sourcecode.swift; path = SceneDelegate.swift; sourceTree = "<group>"; };
		CDC14F242C453DBF00BC14FA /* ViewController.swift */ = {isa = PBXFileReference; lastKnownFileType = sourcecode.swift; path = ViewController.swift; sourceTree = "<group>"; };
		CDC14F272C453DBF00BC14FA /* Base */ = {isa = PBXFileReference; lastKnownFileType = file.storyboard; name = Base; path = Base.lproj/Main.storyboard; sourceTree = "<group>"; };
		CDC14F292C453DC000BC14FA /* Assets.xcassets */ = {isa = PBXFileReference; lastKnownFileType = folder.assetcatalog; path = Assets.xcassets; sourceTree = "<group>"; };
		CDC14F2C2C453DC000BC14FA /* Base */ = {isa = PBXFileReference; lastKnownFileType = file.storyboard; name = Base; path = Base.lproj/LaunchScreen.storyboard; sourceTree = "<group>"; };
		CDC14F2E2C453DC000BC14FA /* Info.plist */ = {isa = PBXFileReference; lastKnownFileType = text.plist.xml; path = Info.plist; sourceTree = "<group>"; };
		CDC14F372C4554F500BC14FA /* PickerData.swift */ = {isa = PBXFileReference; lastKnownFileType = sourcecode.swift; path = PickerData.swift; sourceTree = "<group>"; };
		CDC14F392C4555D200BC14FA /* SearchPageViewController.swift */ = {isa = PBXFileReference; lastKnownFileType = sourcecode.swift; path = SearchPageViewController.swift; sourceTree = "<group>"; };
		CDC14F3B2C46A7C200BC14FA /* AnimeFetchData.swift */ = {isa = PBXFileReference; lastKnownFileType = sourcecode.swift; path = AnimeFetchData.swift; sourceTree = "<group>"; };
		CDE22E442C47C39500080BAD /* SearchingAnimeCollectionViewCell.swift */ = {isa = PBXFileReference; lastKnownFileType = sourcecode.swift; path = SearchingAnimeCollectionViewCell.swift; sourceTree = "<group>"; };
		CDE22E472C47F8B600080BAD /* AnimeDataDelegate.swift */ = {isa = PBXFileReference; lastKnownFileType = sourcecode.swift; path = AnimeDataDelegate.swift; sourceTree = "<group>"; };
		CDE22E4A2C480F7400080BAD /* Simulator Screenshot - iPhone 15 Pro - 2024-07-17 at 22.38.56.png */ = {isa = PBXFileReference; lastKnownFileType = image.png; name = "Simulator Screenshot - iPhone 15 Pro - 2024-07-17 at 22.38.56.png"; path = "../../../Desktop/Simulator Screenshot - iPhone 15 Pro - 2024-07-17 at 22.38.56.png"; sourceTree = "<group>"; };
		CDE22E4C2C48103C00080BAD /* README.md */ = {isa = PBXFileReference; fileEncoding = 4; lastKnownFileType = net.daringfireball.markdown; name = README.md; path = ../../Desktop/README.md; sourceTree = "<group>"; };
/* End PBXFileReference section */

/* Begin PBXFrameworksBuildPhase section */
		CDC14F1A2C453DBF00BC14FA /* Frameworks */ = {
			isa = PBXFrameworksBuildPhase;
			buildActionMask = 2147483647;
			files = (
			);
			runOnlyForDeploymentPostprocessing = 0;
		};
/* End PBXFrameworksBuildPhase section */

/* Begin PBXGroup section */
		CDC14F142C453DBF00BC14FA = {
			isa = PBXGroup;
			children = (
				CDE22E4C2C48103C00080BAD /* README.md */,
				CDE22E492C480F4100080BAD /* Demo */,
				CDC14F1F2C453DBF00BC14FA /* AnimeTracker */,
				CDC14F1E2C453DBF00BC14FA /* Products */,
			);
			sourceTree = "<group>";
		};
		CDC14F1E2C453DBF00BC14FA /* Products */ = {
			isa = PBXGroup;
			children = (
				CDC14F1D2C453DBF00BC14FA /* AnimeTracker.app */,
			);
			name = Products;
			sourceTree = "<group>";
		};
		CDC14F1F2C453DBF00BC14FA /* AnimeTracker */ = {
			isa = PBXGroup;
			children = (
				CDE22E462C47F89400080BAD /* Protocol */,
				CDC14F362C45544F00BC14FA /* Model */,
				CDC14F352C45544800BC14FA /* View */,
				CDC14F342C45543500BC14FA /* ViewController */,
				CDC14F202C453DBF00BC14FA /* AppDelegate.swift */,
				CDC14F222C453DBF00BC14FA /* SceneDelegate.swift */,
				CDC14F242C453DBF00BC14FA /* ViewController.swift */,
				CDC14F262C453DBF00BC14FA /* Main.storyboard */,
				CDC14F292C453DC000BC14FA /* Assets.xcassets */,
				CDC14F2B2C453DC000BC14FA /* LaunchScreen.storyboard */,
				CDC14F2E2C453DC000BC14FA /* Info.plist */,
			);
			path = AnimeTracker;
			sourceTree = "<group>";
		};
		CDC14F342C45543500BC14FA /* ViewController */ = {
			isa = PBXGroup;
			children = (
				CDC14F392C4555D200BC14FA /* SearchPageViewController.swift */,
			);
			path = ViewController;
			sourceTree = "<group>";
		};
		CDC14F352C45544800BC14FA /* View */ = {
			isa = PBXGroup;
			children = (
				CDE22E442C47C39500080BAD /* SearchingAnimeCollectionViewCell.swift */,
			);
			path = View;
			sourceTree = "<group>";
		};
		CDC14F362C45544F00BC14FA /* Model */ = {
			isa = PBXGroup;
			children = (
				CDC14F372C4554F500BC14FA /* PickerData.swift */,
				CDC14F3B2C46A7C200BC14FA /* AnimeFetchData.swift */,
			);
			path = Model;
			sourceTree = "<group>";
		};
		CDE22E462C47F89400080BAD /* Protocol */ = {
			isa = PBXGroup;
			children = (
				CDE22E472C47F8B600080BAD /* AnimeDataDelegate.swift */,
			);
			path = Protocol;
			sourceTree = "<group>";
		};
		CDE22E492C480F4100080BAD /* Demo */ = {
			isa = PBXGroup;
			children = (
				CDE22E4A2C480F7400080BAD /* Simulator Screenshot - iPhone 15 Pro - 2024-07-17 at 22.38.56.png */,
			);
			path = Demo;
			sourceTree = "<group>";
		};
/* End PBXGroup section */

/* Begin PBXNativeTarget section */
		CDC14F1C2C453DBF00BC14FA /* AnimeTracker */ = {
			isa = PBXNativeTarget;
			buildConfigurationList = CDC14F312C453DC000BC14FA /* Build configuration list for PBXNativeTarget "AnimeTracker" */;
			buildPhases = (
				CDC14F192C453DBF00BC14FA /* Sources */,
				CDC14F1A2C453DBF00BC14FA /* Frameworks */,
				CDC14F1B2C453DBF00BC14FA /* Resources */,
			);
			buildRules = (
			);
			dependencies = (
			);
			name = AnimeTracker;
			productName = AnimeTracker;
			productReference = CDC14F1D2C453DBF00BC14FA /* AnimeTracker.app */;
			productType = "com.apple.product-type.application";
		};
/* End PBXNativeTarget section */

/* Begin PBXProject section */
		CDC14F152C453DBF00BC14FA /* Project object */ = {
			isa = PBXProject;
			attributes = {
				BuildIndependentTargetsInParallel = 1;
				LastSwiftUpdateCheck = 1540;
				LastUpgradeCheck = 1540;
				TargetAttributes = {
					CDC14F1C2C453DBF00BC14FA = {
						CreatedOnToolsVersion = 15.4;
					};
				};
			};
			buildConfigurationList = CDC14F182C453DBF00BC14FA /* Build configuration list for PBXProject "AnimeTracker" */;
			compatibilityVersion = "Xcode 14.0";
			developmentRegion = en;
			hasScannedForEncodings = 0;
			knownRegions = (
				en,
				Base,
			);
			mainGroup = CDC14F142C453DBF00BC14FA;
			productRefGroup = CDC14F1E2C453DBF00BC14FA /* Products */;
			projectDirPath = "";
			projectRoot = "";
			targets = (
				CDC14F1C2C453DBF00BC14FA /* AnimeTracker */,
			);
		};
/* End PBXProject section */

/* Begin PBXResourcesBuildPhase section */
		CDC14F1B2C453DBF00BC14FA /* Resources */ = {
			isa = PBXResourcesBuildPhase;
			buildActionMask = 2147483647;
			files = (
				CDC14F2A2C453DC000BC14FA /* Assets.xcassets in Resources */,
				CDC14F2D2C453DC000BC14FA /* Base in Resources */,
				CDE22E4D2C48103C00080BAD /* README.md in Resources */,
				CDE22E4B2C480F7400080BAD /* Simulator Screenshot - iPhone 15 Pro - 2024-07-17 at 22.38.56.png in Resources */,
				CDC14F282C453DBF00BC14FA /* Base in Resources */,
			);
			runOnlyForDeploymentPostprocessing = 0;
		};
/* End PBXResourcesBuildPhase section */

/* Begin PBXSourcesBuildPhase section */
		CDC14F192C453DBF00BC14FA /* Sources */ = {
			isa = PBXSourcesBuildPhase;
			buildActionMask = 2147483647;
			files = (
				CDC14F252C453DBF00BC14FA /* ViewController.swift in Sources */,
				CDE22E482C47F8B600080BAD /* AnimeDataDelegate.swift in Sources */,
				CDC14F3C2C46A7C200BC14FA /* AnimeFetchData.swift in Sources */,
				CDC14F212C453DBF00BC14FA /* AppDelegate.swift in Sources */,
				CDE22E452C47C39500080BAD /* SearchingAnimeCollectionViewCell.swift in Sources */,
				CDC14F232C453DBF00BC14FA /* SceneDelegate.swift in Sources */,
				CDC14F382C4554F500BC14FA /* PickerData.swift in Sources */,
				CDC14F3A2C4555D200BC14FA /* SearchPageViewController.swift in Sources */,
			);
			runOnlyForDeploymentPostprocessing = 0;
		};
/* End PBXSourcesBuildPhase section */

/* Begin PBXVariantGroup section */
		CDC14F262C453DBF00BC14FA /* Main.storyboard */ = {
			isa = PBXVariantGroup;
			children = (
				CDC14F272C453DBF00BC14FA /* Base */,
			);
			name = Main.storyboard;
			sourceTree = "<group>";
		};
		CDC14F2B2C453DC000BC14FA /* LaunchScreen.storyboard */ = {
			isa = PBXVariantGroup;
			children = (
				CDC14F2C2C453DC000BC14FA /* Base */,
			);
			name = LaunchScreen.storyboard;
			sourceTree = "<group>";
		};
/* End PBXVariantGroup section */

/* Begin XCBuildConfiguration section */
		CDC14F2F2C453DC000BC14FA /* Debug */ = {
			isa = XCBuildConfiguration;
			buildSettings = {
				ALWAYS_SEARCH_USER_PATHS = NO;
				ASSETCATALOG_COMPILER_GENERATE_SWIFT_ASSET_SYMBOL_EXTENSIONS = YES;
				CLANG_ANALYZER_NONNULL = YES;
				CLANG_ANALYZER_NUMBER_OBJECT_CONVERSION = YES_AGGRESSIVE;
				CLANG_CXX_LANGUAGE_STANDARD = "gnu++20";
				CLANG_ENABLE_MODULES = YES;
				CLANG_ENABLE_OBJC_ARC = YES;
				CLANG_ENABLE_OBJC_WEAK = YES;
				CLANG_WARN_BLOCK_CAPTURE_AUTORELEASING = YES;
				CLANG_WARN_BOOL_CONVERSION = YES;
				CLANG_WARN_COMMA = YES;
				CLANG_WARN_CONSTANT_CONVERSION = YES;
				CLANG_WARN_DEPRECATED_OBJC_IMPLEMENTATIONS = YES;
				CLANG_WARN_DIRECT_OBJC_ISA_USAGE = YES_ERROR;
				CLANG_WARN_DOCUMENTATION_COMMENTS = YES;
				CLANG_WARN_EMPTY_BODY = YES;
				CLANG_WARN_ENUM_CONVERSION = YES;
				CLANG_WARN_INFINITE_RECURSION = YES;
				CLANG_WARN_INT_CONVERSION = YES;
				CLANG_WARN_NON_LITERAL_NULL_CONVERSION = YES;
				CLANG_WARN_OBJC_IMPLICIT_RETAIN_SELF = YES;
				CLANG_WARN_OBJC_LITERAL_CONVERSION = YES;
				CLANG_WARN_OBJC_ROOT_CLASS = YES_ERROR;
				CLANG_WARN_QUOTED_INCLUDE_IN_FRAMEWORK_HEADER = YES;
				CLANG_WARN_RANGE_LOOP_ANALYSIS = YES;
				CLANG_WARN_STRICT_PROTOTYPES = YES;
				CLANG_WARN_SUSPICIOUS_MOVE = YES;
				CLANG_WARN_UNGUARDED_AVAILABILITY = YES_AGGRESSIVE;
				CLANG_WARN_UNREACHABLE_CODE = YES;
				CLANG_WARN__DUPLICATE_METHOD_MATCH = YES;
				COPY_PHASE_STRIP = NO;
				DEBUG_INFORMATION_FORMAT = dwarf;
				ENABLE_STRICT_OBJC_MSGSEND = YES;
				ENABLE_TESTABILITY = YES;
				ENABLE_USER_SCRIPT_SANDBOXING = YES;
				GCC_C_LANGUAGE_STANDARD = gnu17;
				GCC_DYNAMIC_NO_PIC = NO;
				GCC_NO_COMMON_BLOCKS = YES;
				GCC_OPTIMIZATION_LEVEL = 0;
				GCC_PREPROCESSOR_DEFINITIONS = (
					"DEBUG=1",
					"$(inherited)",
				);
				GCC_WARN_64_TO_32_BIT_CONVERSION = YES;
				GCC_WARN_ABOUT_RETURN_TYPE = YES_ERROR;
				GCC_WARN_UNDECLARED_SELECTOR = YES;
				GCC_WARN_UNINITIALIZED_AUTOS = YES_AGGRESSIVE;
				GCC_WARN_UNUSED_FUNCTION = YES;
				GCC_WARN_UNUSED_VARIABLE = YES;
				IPHONEOS_DEPLOYMENT_TARGET = 17.5;
				LOCALIZATION_PREFERS_STRING_CATALOGS = YES;
				MTL_ENABLE_DEBUG_INFO = INCLUDE_SOURCE;
				MTL_FAST_MATH = YES;
				ONLY_ACTIVE_ARCH = YES;
				SDKROOT = iphoneos;
				SWIFT_ACTIVE_COMPILATION_CONDITIONS = "DEBUG $(inherited)";
				SWIFT_OPTIMIZATION_LEVEL = "-Onone";
			};
			name = Debug;
		};
		CDC14F302C453DC000BC14FA /* Release */ = {
			isa = XCBuildConfiguration;
			buildSettings = {
				ALWAYS_SEARCH_USER_PATHS = NO;
				ASSETCATALOG_COMPILER_GENERATE_SWIFT_ASSET_SYMBOL_EXTENSIONS = YES;
				CLANG_ANALYZER_NONNULL = YES;
				CLANG_ANALYZER_NUMBER_OBJECT_CONVERSION = YES_AGGRESSIVE;
				CLANG_CXX_LANGUAGE_STANDARD = "gnu++20";
				CLANG_ENABLE_MODULES = YES;
				CLANG_ENABLE_OBJC_ARC = YES;
				CLANG_ENABLE_OBJC_WEAK = YES;
				CLANG_WARN_BLOCK_CAPTURE_AUTORELEASING = YES;
				CLANG_WARN_BOOL_CONVERSION = YES;
				CLANG_WARN_COMMA = YES;
				CLANG_WARN_CONSTANT_CONVERSION = YES;
				CLANG_WARN_DEPRECATED_OBJC_IMPLEMENTATIONS = YES;
				CLANG_WARN_DIRECT_OBJC_ISA_USAGE = YES_ERROR;
				CLANG_WARN_DOCUMENTATION_COMMENTS = YES;
				CLANG_WARN_EMPTY_BODY = YES;
				CLANG_WARN_ENUM_CONVERSION = YES;
				CLANG_WARN_INFINITE_RECURSION = YES;
				CLANG_WARN_INT_CONVERSION = YES;
				CLANG_WARN_NON_LITERAL_NULL_CONVERSION = YES;
				CLANG_WARN_OBJC_IMPLICIT_RETAIN_SELF = YES;
				CLANG_WARN_OBJC_LITERAL_CONVERSION = YES;
				CLANG_WARN_OBJC_ROOT_CLASS = YES_ERROR;
				CLANG_WARN_QUOTED_INCLUDE_IN_FRAMEWORK_HEADER = YES;
				CLANG_WARN_RANGE_LOOP_ANALYSIS = YES;
				CLANG_WARN_STRICT_PROTOTYPES = YES;
				CLANG_WARN_SUSPICIOUS_MOVE = YES;
				CLANG_WARN_UNGUARDED_AVAILABILITY = YES_AGGRESSIVE;
				CLANG_WARN_UNREACHABLE_CODE = YES;
				CLANG_WARN__DUPLICATE_METHOD_MATCH = YES;
				COPY_PHASE_STRIP = NO;
				DEBUG_INFORMATION_FORMAT = "dwarf-with-dsym";
				ENABLE_NS_ASSERTIONS = NO;
				ENABLE_STRICT_OBJC_MSGSEND = YES;
				ENABLE_USER_SCRIPT_SANDBOXING = YES;
				GCC_C_LANGUAGE_STANDARD = gnu17;
				GCC_NO_COMMON_BLOCKS = YES;
				GCC_WARN_64_TO_32_BIT_CONVERSION = YES;
				GCC_WARN_ABOUT_RETURN_TYPE = YES_ERROR;
				GCC_WARN_UNDECLARED_SELECTOR = YES;
				GCC_WARN_UNINITIALIZED_AUTOS = YES_AGGRESSIVE;
				GCC_WARN_UNUSED_FUNCTION = YES;
				GCC_WARN_UNUSED_VARIABLE = YES;
				IPHONEOS_DEPLOYMENT_TARGET = 17.5;
				LOCALIZATION_PREFERS_STRING_CATALOGS = YES;
				MTL_ENABLE_DEBUG_INFO = NO;
				MTL_FAST_MATH = YES;
				SDKROOT = iphoneos;
				SWIFT_COMPILATION_MODE = wholemodule;
				VALIDATE_PRODUCT = YES;
			};
			name = Release;
		};
		CDC14F322C453DC000BC14FA /* Debug */ = {
			isa = XCBuildConfiguration;
			buildSettings = {
				ASSETCATALOG_COMPILER_APPICON_NAME = AppIcon;
				ASSETCATALOG_COMPILER_GLOBAL_ACCENT_COLOR_NAME = AccentColor;
				CODE_SIGN_STYLE = Automatic;
				CURRENT_PROJECT_VERSION = 1;
				DEVELOPMENT_TEAM = P2CKQU8TPP;
				GENERATE_INFOPLIST_FILE = YES;
				INFOPLIST_FILE = AnimeTracker/Info.plist;
				INFOPLIST_KEY_UIApplicationSupportsIndirectInputEvents = YES;
				INFOPLIST_KEY_UILaunchStoryboardName = LaunchScreen;
				INFOPLIST_KEY_UIMainStoryboardFile = Main;
				INFOPLIST_KEY_UISupportedInterfaceOrientations_iPad = "UIInterfaceOrientationPortrait UIInterfaceOrientationPortraitUpsideDown UIInterfaceOrientationLandscapeLeft UIInterfaceOrientationLandscapeRight";
				INFOPLIST_KEY_UISupportedInterfaceOrientations_iPhone = "UIInterfaceOrientationPortrait UIInterfaceOrientationLandscapeLeft UIInterfaceOrientationLandscapeRight";
				IPHONEOS_DEPLOYMENT_TARGET = 16.0;
				LD_RUNPATH_SEARCH_PATHS = (
					"$(inherited)",
					"@executable_path/Frameworks",
				);
				MARKETING_VERSION = 1.0;
				PRODUCT_BUNDLE_IDENTIFIER = hypocrite1023.AnimeTracker;
				PRODUCT_NAME = "$(TARGET_NAME)";
				SWIFT_EMIT_LOC_STRINGS = YES;
				SWIFT_VERSION = 5.0;
				TARGETED_DEVICE_FAMILY = "1,2";
			};
			name = Debug;
		};
		CDC14F332C453DC000BC14FA /* Release */ = {
			isa = XCBuildConfiguration;
			buildSettings = {
				ASSETCATALOG_COMPILER_APPICON_NAME = AppIcon;
				ASSETCATALOG_COMPILER_GLOBAL_ACCENT_COLOR_NAME = AccentColor;
				CODE_SIGN_STYLE = Automatic;
				CURRENT_PROJECT_VERSION = 1;
				DEVELOPMENT_TEAM = P2CKQU8TPP;
				GENERATE_INFOPLIST_FILE = YES;
				INFOPLIST_FILE = AnimeTracker/Info.plist;
				INFOPLIST_KEY_UIApplicationSupportsIndirectInputEvents = YES;
				INFOPLIST_KEY_UILaunchStoryboardName = LaunchScreen;
				INFOPLIST_KEY_UIMainStoryboardFile = Main;
				INFOPLIST_KEY_UISupportedInterfaceOrientations_iPad = "UIInterfaceOrientationPortrait UIInterfaceOrientationPortraitUpsideDown UIInterfaceOrientationLandscapeLeft UIInterfaceOrientationLandscapeRight";
				INFOPLIST_KEY_UISupportedInterfaceOrientations_iPhone = "UIInterfaceOrientationPortrait UIInterfaceOrientationLandscapeLeft UIInterfaceOrientationLandscapeRight";
				IPHONEOS_DEPLOYMENT_TARGET = 16.0;
				LD_RUNPATH_SEARCH_PATHS = (
					"$(inherited)",
					"@executable_path/Frameworks",
				);
				MARKETING_VERSION = 1.0;
				PRODUCT_BUNDLE_IDENTIFIER = hypocrite1023.AnimeTracker;
				PRODUCT_NAME = "$(TARGET_NAME)";
				SWIFT_EMIT_LOC_STRINGS = YES;
				SWIFT_VERSION = 5.0;
				TARGETED_DEVICE_FAMILY = "1,2";
			};
			name = Release;
		};
/* End XCBuildConfiguration section */

/* Begin XCConfigurationList section */
		CDC14F182C453DBF00BC14FA /* Build configuration list for PBXProject "AnimeTracker" */ = {
			isa = XCConfigurationList;
			buildConfigurations = (
				CDC14F2F2C453DC000BC14FA /* Debug */,
				CDC14F302C453DC000BC14FA /* Release */,
			);
			defaultConfigurationIsVisible = 0;
			defaultConfigurationName = Release;
		};
		CDC14F312C453DC000BC14FA /* Build configuration list for PBXNativeTarget "AnimeTracker" */ = {
			isa = XCConfigurationList;
			buildConfigurations = (
				CDC14F322C453DC000BC14FA /* Debug */,
				CDC14F332C453DC000BC14FA /* Release */,
			);
			defaultConfigurationIsVisible = 0;
			defaultConfigurationName = Release;
		};
/* End XCConfigurationList section */
	};
	rootObject = CDC14F152C453DBF00BC14FA /* Project object */;
}
